{
  "version": 4,
  "terraform_version": "1.5.7",
  "serial": 249,
  "lineage": "1f46d801-bb39-f394-0d2a-9bfd47a1dcea",
  "outputs": {
    "service_account_email": {
      "value": "gemini-startup-evaluator@digital-shadow-417907.iam.gserviceaccount.com",
      "type": "string"
    }
  },
  "resources": [
    {
      "mode": "data",
      "type": "archive_file",
      "name": "source",
      "provider": "provider[\"registry.terraform.io/hashicorp/archive\"]",
      "instances": [
        {
          "schema_version": 0,
          "attributes": {
            "excludes": null,
            "id": "2951b44dcbbb98fdc0606ebb68c6895744535041",
            "output_base64sha256": "ZA/0Hk98ZCPpmpoGvxqRHboQbxEERtgElFh/x0J/D28=",
            "output_file_mode": null,
            "output_md5": "e7b15ded71bab3231018fcb7d8be1559",
            "output_path": "/tmp/functions.zip",
            "output_sha": "2951b44dcbbb98fdc0606ebb68c6895744535041",
            "output_size": 45020648,
            "source": [],
            "source_content": null,
            "source_content_filename": null,
            "source_dir": "../functions",
            "source_file": null,
            "type": "zip"
          },
          "sensitive_attributes": []
        }
      ]
    },
    {
      "mode": "managed",
      "type": "google_bigquery_dataset",
      "name": "kpi_dataset",
      "provider": "provider[\"registry.terraform.io/hashicorp/google\"]",
      "instances": [
        {
          "schema_version": 0,
          "attributes": {
            "access": [
              {
                "condition": [],
                "dataset": [],
                "domain": "",
                "group_by_email": "",
                "iam_member": "",
                "role": "OWNER",
                "routine": [],
                "special_group": "",
                "user_by_email": "bakiyapalani1997@gmail.com",
                "view": []
              },
              {
                "condition": [],
                "dataset": [],
                "domain": "",
                "group_by_email": "",
                "iam_member": "",
                "role": "OWNER",
                "routine": [],
                "special_group": "projectOwners",
                "user_by_email": "",
                "view": []
              },
              {
                "condition": [],
                "dataset": [],
                "domain": "",
                "group_by_email": "",
                "iam_member": "",
                "role": "READER",
                "routine": [],
                "special_group": "projectReaders",
                "user_by_email": "",
                "view": []
              },
              {
                "condition": [],
                "dataset": [],
                "domain": "",
                "group_by_email": "",
                "iam_member": "",
                "role": "WRITER",
                "routine": [],
                "special_group": "projectWriters",
                "user_by_email": "",
                "view": []
              }
            ],
            "creation_time": 1757751993215,
            "dataset_id": "startup_kpis",
            "default_collation": "",
            "default_encryption_configuration": [],
            "default_partition_expiration_ms": 0,
            "default_table_expiration_ms": 0,
            "delete_contents_on_destroy": false,
            "description": "",
            "effective_labels": {
              "goog-terraform-provisioned": "true"
            },
            "etag": "7ppSnQ03qvdTNDQNhhi2Gg==",
            "external_catalog_dataset_options": [],
            "external_dataset_reference": [],
            "friendly_name": "",
            "id": "projects/digital-shadow-417907/datasets/startup_kpis",
            "is_case_insensitive": false,
            "labels": {},
            "last_modified_time": 1757751993215,
            "location": "us-central1",
            "max_time_travel_hours": "168",
            "project": "digital-shadow-417907",
            "resource_tags": {},
            "self_link": "https://bigquery.googleapis.com/bigquery/v2/projects/digital-shadow-417907/datasets/startup_kpis",
            "storage_billing_model": "",
            "terraform_labels": {
              "goog-terraform-provisioned": "true"
            },
            "timeouts": null
          },
          "sensitive_attributes": [],
          "private": "eyJlMmJmYjczMC1lY2FhLTExZTYtOGY4OC0zNDM2M2JjN2M0YzAiOnsiY3JlYXRlIjoxMjAwMDAwMDAwMDAwLCJkZWxldGUiOjEyMDAwMDAwMDAwMDAsInVwZGF0ZSI6MTIwMDAwMDAwMDAwMH19"
        }
      ]
    },
    {
      "mode": "managed",
      "type": "google_bigquery_table",
      "name": "kpi_table",
      "provider": "provider[\"registry.terraform.io/hashicorp/google\"]",
      "instances": [
        {
          "schema_version": 0,
          "attributes": {
            "biglake_configuration": [],
            "clustering": null,
            "creation_time": 1757752915128,
            "dataset_id": "startup_kpis",
            "deletion_protection": true,
            "description": "",
            "effective_labels": {
              "goog-terraform-provisioned": "true"
            },
            "encryption_configuration": [],
            "etag": "OcFg8FfMmh0p+A2TAqJTsw==",
            "expiration_time": 0,
            "external_catalog_table_options": [],
            "external_data_configuration": [],
            "friendly_name": "",
            "generated_schema_columns": "",
            "id": "projects/digital-shadow-417907/datasets/startup_kpis/tables/kpi_data",
            "ignore_auto_generated_schema": false,
            "ignore_schema_changes": null,
            "labels": {},
            "last_modified_time": 1757752915179,
            "location": "us-central1",
            "materialized_view": [],
            "max_staleness": "",
            "num_bytes": 0,
            "num_long_term_bytes": 0,
            "num_rows": 0,
            "project": "digital-shadow-417907",
            "range_partitioning": [],
            "require_partition_filter": false,
            "resource_tags": {},
            "schema": "[{\"mode\":\"REQUIRED\",\"name\":\"startup_id\",\"type\":\"STRING\"},{\"mode\":\"REQUIRED\",\"name\":\"kpi_name\",\"type\":\"STRING\"},{\"mode\":\"REQUIRED\",\"name\":\"kpi_value\",\"type\":\"FLOAT\"},{\"mode\":\"REQUIRED\",\"name\":\"date\",\"type\":\"DATE\"}]",
            "schema_foreign_type_info": [],
            "self_link": "https://bigquery.googleapis.com/bigquery/v2/projects/digital-shadow-417907/datasets/startup_kpis/tables/kpi_data",
            "table_constraints": [],
            "table_id": "kpi_data",
            "table_metadata_view": null,
            "table_replication_info": [],
            "terraform_labels": {
              "goog-terraform-provisioned": "true"
            },
            "time_partitioning": [],
            "type": "TABLE",
            "view": []
          },
          "sensitive_attributes": [],
          "private": "bnVsbA=="
        }
      ]
    },
    {
      "mode": "managed",
      "type": "google_bigquery_table",
      "name": "public_data_table",
      "provider": "provider[\"registry.terraform.io/hashicorp/google\"]",
      "instances": [
        {
          "schema_version": 0,
          "attributes": {
            "biglake_configuration": [],
            "clustering": null,
            "creation_time": 1757765428624,
            "dataset_id": "startup_kpis",
            "deletion_protection": true,
            "description": "",
            "effective_labels": {
              "goog-terraform-provisioned": "true"
            },
            "encryption_configuration": [],
            "etag": "DfEPdz+2ixj67daZSp67PA==",
            "expiration_time": 0,
            "external_catalog_table_options": [],
            "external_data_configuration": [],
            "friendly_name": "",
            "generated_schema_columns": "",
            "id": "projects/digital-shadow-417907/datasets/startup_kpis/tables/public_data",
            "ignore_auto_generated_schema": false,
            "ignore_schema_changes": null,
            "labels": {},
            "last_modified_time": 1757770886238,
            "location": "us-central1",
            "materialized_view": [],
            "max_staleness": "",
            "num_bytes": 0,
            "num_long_term_bytes": 0,
            "num_rows": 0,
            "project": "digital-shadow-417907",
            "range_partitioning": [],
            "require_partition_filter": false,
            "resource_tags": {},
            "schema": "[{\"mode\":\"REQUIRED\",\"name\":\"startup_name\",\"type\":\"STRING\"},{\"mode\":\"NULLABLE\",\"name\":\"founder_market_fit_score\",\"type\":\"FLOAT\"},{\"mode\":\"NULLABLE\",\"name\":\"founder_market_fit_justification\",\"type\":\"STRING\"},{\"mode\":\"NULLABLE\",\"name\":\"market_size_estimate\",\"type\":\"STRING\"},{\"mode\":\"NULLABLE\",\"name\":\"market_size_source\",\"type\":\"STRING\"},{\"mode\":\"NULLABLE\",\"name\":\"differentiation_summary\",\"type\":\"STRING\"},{\"mode\":\"NULLABLE\",\"name\":\"differentiation_ip\",\"type\":\"STRING\"},{\"mode\":\"NULLABLE\",\"name\":\"traction_signals\",\"type\":\"STRING\"},{\"mode\":\"NULLABLE\",\"name\":\"traction_benchmarks\",\"type\":\"STRING\"},{\"mode\":\"NULLABLE\",\"name\":\"financials_estimates\",\"type\":\"STRING\"},{\"mode\":\"NULLABLE\",\"name\":\"financials_comparisons\",\"type\":\"STRING\"},{\"mode\":\"NULLABLE\",\"name\":\"risk_flags\",\"type\":\"STRING\"},{\"mode\":\"NULLABLE\",\"name\":\"risk_sources\",\"type\":\"STRING\"},{\"mode\":\"NULLABLE\",\"name\":\"recommendation_summary\",\"type\":\"STRING\"},{\"mode\":\"NULLABLE\",\"name\":\"recommendation_score\",\"type\":\"FLOAT\"},{\"mode\":\"REPEATED\",\"name\":\"urls\",\"type\":\"STRING\"}]",
            "schema_foreign_type_info": [],
            "self_link": "https://bigquery.googleapis.com/bigquery/v2/projects/digital-shadow-417907/datasets/startup_kpis/tables/public_data",
            "table_constraints": [],
            "table_id": "public_data",
            "table_metadata_view": null,
            "table_replication_info": [],
            "terraform_labels": {
              "goog-terraform-provisioned": "true"
            },
            "time_partitioning": [],
            "type": "TABLE",
            "view": []
          },
          "sensitive_attributes": [],
          "private": "bnVsbA=="
        }
      ]
    },
    {
      "mode": "managed",
      "type": "google_cloud_run_v2_service",
      "name": "mcp_server",
      "provider": "provider[\"registry.terraform.io/hashicorp/google\"]",
      "instances": [
        {
          "schema_version": 0,
          "attributes": {
            "annotations": {},
            "binary_authorization": [],
            "build_config": [],
            "client": "",
            "client_version": "",
            "conditions": [
              {
                "execution_reason": "",
                "last_transition_time": "2025-09-13T14:49:29.009754Z",
                "message": "",
                "reason": "",
                "revision_reason": "",
                "severity": "",
                "state": "CONDITION_SUCCEEDED",
                "type": "RoutesReady"
              },
              {
                "execution_reason": "",
                "last_transition_time": "2025-09-13T14:49:27.786737Z",
                "message": "",
                "reason": "",
                "revision_reason": "",
                "severity": "",
                "state": "CONDITION_SUCCEEDED",
                "type": "ConfigurationsReady"
              }
            ],
            "create_time": "2025-09-13T10:00:06.534010Z",
            "creator": "bakiyapalani1997@gmail.com",
            "custom_audiences": [],
            "delete_time": "",
            "deletion_protection": true,
            "description": "",
            "effective_annotations": {},
            "effective_labels": {
              "goog-terraform-provisioned": "true"
            },
            "etag": "\"CPCIlsYGEJC8w7YD/cHJvamVjdHMvZGlnaXRhbC1zaGFkb3ctNDE3OTA3L2xvY2F0aW9ucy91cy1jZW50cmFsMS9zZXJ2aWNlcy9tY3Atc2VydmVy\"",
            "expire_time": "",
            "generation": "2",
            "id": "projects/digital-shadow-417907/locations/us-central1/services/mcp-server",
            "ingress": "INGRESS_TRAFFIC_ALL",
            "invoker_iam_disabled": false,
            "labels": {},
            "last_modifier": "bakiyapalani1997@gmail.com",
            "latest_created_revision": "projects/digital-shadow-417907/locations/us-central1/services/mcp-server/revisions/mcp-server-00002-kg5",
            "latest_ready_revision": "projects/digital-shadow-417907/locations/us-central1/services/mcp-server/revisions/mcp-server-00002-kg5",
            "launch_stage": "GA",
            "location": "us-central1",
            "multi_region_settings": [],
            "name": "mcp-server",
            "observed_generation": "2",
            "project": "digital-shadow-417907",
            "reconciling": false,
            "scaling": [],
            "template": [
              {
                "annotations": {},
                "containers": [
                  {
                    "args": [],
                    "base_image_uri": "",
                    "build_info": [],
                    "command": [],
                    "depends_on": [],
                    "env": [],
                    "image": "gcr.io/digital-shadow-417907/mcp-server",
                    "liveness_probe": [],
                    "name": "",
                    "ports": [
                      {
                        "container_port": 3000,
                        "name": "http1"
                      }
                    ],
                    "resources": [
                      {
                        "cpu_idle": true,
                        "limits": {
                          "cpu": "1000m",
                          "memory": "512Mi"
                        },
                        "startup_cpu_boost": false
                      }
                    ],
                    "startup_probe": [
                      {
                        "failure_threshold": 1,
                        "grpc": [],
                        "http_get": [],
                        "initial_delay_seconds": 0,
                        "period_seconds": 240,
                        "tcp_socket": [
                          {
                            "port": 3000
                          }
                        ],
                        "timeout_seconds": 240
                      }
                    ],
                    "volume_mounts": [],
                    "working_dir": ""
                  }
                ],
                "encryption_key": "",
                "execution_environment": "",
                "gpu_zonal_redundancy_disabled": false,
                "labels": {},
                "max_instance_request_concurrency": 80,
                "node_selector": [],
                "revision": "",
                "scaling": [
                  {
                    "max_instance_count": 3,
                    "min_instance_count": 0
                  }
                ],
                "service_account": "617213468863-compute@developer.gserviceaccount.com",
                "session_affinity": false,
                "timeout": "300s",
                "volumes": [],
                "vpc_access": []
              }
            ],
            "terminal_condition": [
              {
                "execution_reason": "",
                "last_transition_time": "2025-09-13T14:49:29.041390Z",
                "message": "",
                "reason": "",
                "revision_reason": "",
                "severity": "",
                "state": "CONDITION_SUCCEEDED",
                "type": "Ready"
              }
            ],
            "terraform_labels": {
              "goog-terraform-provisioned": "true"
            },
            "timeouts": null,
            "traffic": [
              {
                "percent": 100,
                "revision": "",
                "tag": "",
                "type": "TRAFFIC_TARGET_ALLOCATION_TYPE_LATEST"
              }
            ],
            "traffic_statuses": [
              {
                "percent": 100,
                "revision": "",
                "tag": "",
                "type": "TRAFFIC_TARGET_ALLOCATION_TYPE_LATEST",
                "uri": ""
              }
            ],
            "uid": "66d967e9-f58c-4260-8c2e-085b52f9189f",
            "update_time": "2025-09-13T14:49:20.919658Z",
            "uri": "https://mcp-server-4jtjhrb72q-uc.a.run.app",
            "urls": [
              "https://mcp-server-617213468863.us-central1.run.app",
              "https://mcp-server-4jtjhrb72q-uc.a.run.app"
            ]
          },
          "sensitive_attributes": [],
          "private": "eyJlMmJmYjczMC1lY2FhLTExZTYtOGY4OC0zNDM2M2JjN2M0YzAiOnsiY3JlYXRlIjoxMjAwMDAwMDAwMDAwLCJkZWxldGUiOjEyMDAwMDAwMDAwMDAsInVwZGF0ZSI6MTIwMDAwMDAwMDAwMH19"
        }
      ]
    },
    {
      "mode": "managed",
      "type": "google_cloudfunctions2_function",
      "name": "analyze_startup",
      "provider": "provider[\"registry.terraform.io/hashicorp/google\"]",
      "instances": [
        {
          "schema_version": 0,
          "attributes": {
            "build_config": [
              {
                "automatic_update_policy": [
                  {}
                ],
                "build": "projects/617213468863/locations/us-central1/builds/c4cc5d3f-965e-4d43-9858-5e951afce3a1",
                "docker_repository": "projects/digital-shadow-417907/locations/us-central1/repositories/gcf-artifacts",
                "entry_point": "analyze-startup-function",
                "environment_variables": {},
                "on_deploy_update_policy": [],
                "runtime": "nodejs20",
                "service_account": "projects/digital-shadow-417907/serviceAccounts/617213468863-compute@developer.gserviceaccount.com",
                "source": [
                  {
                    "repo_source": [],
                    "storage_source": [
                      {
                        "bucket": "digital-shadow-417907-function-sources",
                        "generation": 1757784606755443,
                        "object": "functions.zip"
                      }
                    ]
                  }
                ],
                "worker_pool": ""
              }
            ],
            "description": "",
            "effective_labels": {
              "goog-terraform-provisioned": "true"
            },
            "environment": "GEN_2",
            "event_trigger": [],
            "id": "projects/digital-shadow-417907/locations/us-central1/functions/analyze-startup-function",
            "kms_key_name": "",
            "labels": {},
            "location": "us-central1",
            "name": "analyze-startup-function",
            "project": "digital-shadow-417907",
            "service_config": [
              {
                "all_traffic_on_latest_revision": true,
                "available_cpu": "0.3333",
                "available_memory": "512M",
                "binary_authorization_policy": "",
                "environment_variables": {
                  "GCP_PROJECT_ID": "digital-shadow-417907",
                  "GCP_REGION": "us-central1",
                  "LOG_EXECUTION_ID": "true"
                },
                "gcf_uri": "",
                "ingress_settings": "ALLOW_ALL",
                "max_instance_count": 12,
                "max_instance_request_concurrency": 1,
                "min_instance_count": 0,
                "secret_environment_variables": [],
                "secret_volumes": [],
                "service": "projects/digital-shadow-417907/locations/us-central1/services/analyze-startup-function",
                "service_account_email": "gemini-startup-evaluator@digital-shadow-417907.iam.gserviceaccount.com",
                "timeout_seconds": 60,
                "uri": "https://analyze-startup-function-4jtjhrb72q-uc.a.run.app",
                "vpc_connector": "",
                "vpc_connector_egress_settings": ""
              }
            ],
            "state": "ACTIVE",
            "terraform_labels": {
              "goog-terraform-provisioned": "true"
            },
            "timeouts": null,
            "update_time": "2025-09-13T17:31:43.180773421Z",
            "url": "https://us-central1-digital-shadow-417907.cloudfunctions.net/analyze-startup-function"
          },
          "sensitive_attributes": [],
          "private": "eyJlMmJmYjczMC1lY2FhLTExZTYtOGY4OC0zNDM2M2JjN2M0YzAiOnsiY3JlYXRlIjozNjAwMDAwMDAwMDAwLCJkZWxldGUiOjM2MDAwMDAwMDAwMDAsInVwZGF0ZSI6MzYwMDAwMDAwMDAwMH19",
          "dependencies": [
            "data.archive_file.source",
            "google_storage_bucket.function_sources_bucket",
            "google_storage_bucket_object.archive"
          ]
        }
      ]
    },
    {
      "mode": "managed",
      "type": "google_cloudfunctions2_function",
      "name": "calculate_benchmarks",
      "provider": "provider[\"registry.terraform.io/hashicorp/google\"]",
      "instances": [
        {
          "schema_version": 0,
          "attributes": {
            "build_config": [
              {
                "automatic_update_policy": [
                  {}
                ],
                "build": "projects/617213468863/locations/us-central1/builds/254698f7-f3a1-4e16-b900-3cdf0cdfb595",
                "docker_repository": "projects/digital-shadow-417907/locations/us-central1/repositories/gcf-artifacts",
                "entry_point": "calculate-benchmarks-function",
                "environment_variables": {},
                "on_deploy_update_policy": [],
                "runtime": "nodejs20",
                "service_account": "projects/digital-shadow-417907/serviceAccounts/617213468863-compute@developer.gserviceaccount.com",
                "source": [
                  {
                    "repo_source": [],
                    "storage_source": [
                      {
                        "bucket": "digital-shadow-417907-function-sources",
                        "generation": 1757784606777018,
                        "object": "functions.zip"
                      }
                    ]
                  }
                ],
                "worker_pool": ""
              }
            ],
            "description": "",
            "effective_labels": {
              "goog-terraform-provisioned": "true"
            },
            "environment": "GEN_2",
            "event_trigger": [],
            "id": "projects/digital-shadow-417907/locations/us-central1/functions/calculate-benchmarks-function",
            "kms_key_name": "",
            "labels": {},
            "location": "us-central1",
            "name": "calculate-benchmarks-function",
            "project": "digital-shadow-417907",
            "service_config": [
              {
                "all_traffic_on_latest_revision": true,
                "available_cpu": "0.1666",
                "available_memory": "256M",
                "binary_authorization_policy": "",
                "environment_variables": {
                  "BIGQUERY_DATASET": "startup_data",
                  "BIGQUERY_TABLE": "investments",
                  "LOG_EXECUTION_ID": "true"
                },
                "gcf_uri": "",
                "ingress_settings": "ALLOW_ALL",
                "max_instance_count": 3,
                "max_instance_request_concurrency": 1,
                "min_instance_count": 0,
                "secret_environment_variables": [],
                "secret_volumes": [],
                "service": "projects/digital-shadow-417907/locations/us-central1/services/calculate-benchmarks-function",
                "service_account_email": "gemini-startup-evaluator@digital-shadow-417907.iam.gserviceaccount.com",
                "timeout_seconds": 60,
                "uri": "https://calculate-benchmarks-function-4jtjhrb72q-uc.a.run.app",
                "vpc_connector": "",
                "vpc_connector_egress_settings": ""
              }
            ],
            "state": "ACTIVE",
            "terraform_labels": {
              "goog-terraform-provisioned": "true"
            },
            "timeouts": null,
            "update_time": "2025-09-13T17:31:42.169537434Z",
            "url": "https://us-central1-digital-shadow-417907.cloudfunctions.net/calculate-benchmarks-function"
          },
          "sensitive_attributes": [],
          "private": "eyJlMmJmYjczMC1lY2FhLTExZTYtOGY4OC0zNDM2M2JjN2M0YzAiOnsiY3JlYXRlIjozNjAwMDAwMDAwMDAwLCJkZWxldGUiOjM2MDAwMDAwMDAwMDAsInVwZGF0ZSI6MzYwMDAwMDAwMDAwMH19",
          "dependencies": [
            "data.archive_file.source",
            "google_storage_bucket.function_sources_bucket",
            "google_storage_bucket_object.archive"
          ]
        }
      ]
    },
    {
      "mode": "managed",
      "type": "google_cloudfunctions2_function",
      "name": "find_peer_group",
      "provider": "provider[\"registry.terraform.io/hashicorp/google\"]",
      "instances": [
        {
          "schema_version": 0,
          "attributes": {
            "build_config": [
              {
                "automatic_update_policy": [
                  {}
                ],
                "build": "projects/617213468863/locations/us-central1/builds/a07b124c-33de-4b2d-b416-4cd63741d35d",
                "docker_repository": "projects/digital-shadow-417907/locations/us-central1/repositories/gcf-artifacts",
                "entry_point": "find-peer-group-function",
                "environment_variables": {},
                "on_deploy_update_policy": [],
                "runtime": "nodejs20",
                "service_account": "projects/digital-shadow-417907/serviceAccounts/617213468863-compute@developer.gserviceaccount.com",
                "source": [
                  {
                    "repo_source": [],
                    "storage_source": [
                      {
                        "bucket": "digital-shadow-417907-function-sources",
                        "generation": 1757784606782258,
                        "object": "functions.zip"
                      }
                    ]
                  }
                ],
                "worker_pool": ""
              }
            ],
            "description": "",
            "effective_labels": {
              "goog-terraform-provisioned": "true"
            },
            "environment": "GEN_2",
            "event_trigger": [],
            "id": "projects/digital-shadow-417907/locations/us-central1/functions/find-peer-group-function",
            "kms_key_name": "",
            "labels": {},
            "location": "us-central1",
            "name": "find-peer-group-function",
            "project": "digital-shadow-417907",
            "service_config": [
              {
                "all_traffic_on_latest_revision": true,
                "available_cpu": "0.1666",
                "available_memory": "256M",
                "binary_authorization_policy": "",
                "environment_variables": {
                  "BIGQUERY_DATASET": "startup_data",
                  "BIGQUERY_TABLE": "investments",
                  "LOG_EXECUTION_ID": "true"
                },
                "gcf_uri": "",
                "ingress_settings": "ALLOW_ALL",
                "max_instance_count": 3,
                "max_instance_request_concurrency": 1,
                "min_instance_count": 0,
                "secret_environment_variables": [],
                "secret_volumes": [],
                "service": "projects/digital-shadow-417907/locations/us-central1/services/find-peer-group-function",
                "service_account_email": "gemini-startup-evaluator@digital-shadow-417907.iam.gserviceaccount.com",
                "timeout_seconds": 60,
                "uri": "https://find-peer-group-function-4jtjhrb72q-uc.a.run.app",
                "vpc_connector": "",
                "vpc_connector_egress_settings": ""
              }
            ],
            "state": "ACTIVE",
            "terraform_labels": {
              "goog-terraform-provisioned": "true"
            },
            "timeouts": null,
            "update_time": "2025-09-13T17:31:45.888619033Z",
            "url": "https://us-central1-digital-shadow-417907.cloudfunctions.net/find-peer-group-function"
          },
          "sensitive_attributes": [],
          "private": "eyJlMmJmYjczMC1lY2FhLTExZTYtOGY4OC0zNDM2M2JjN2M0YzAiOnsiY3JlYXRlIjozNjAwMDAwMDAwMDAwLCJkZWxldGUiOjM2MDAwMDAwMDAwMDAsInVwZGF0ZSI6MzYwMDAwMDAwMDAwMH19",
          "dependencies": [
            "data.archive_file.source",
            "google_storage_bucket.function_sources_bucket",
            "google_storage_bucket_object.archive"
          ]
        }
      ]
    },
    {
      "mode": "managed",
      "type": "google_cloudfunctions2_function",
      "name": "get_public_data",
      "provider": "provider[\"registry.terraform.io/hashicorp/google\"]",
      "instances": [
        {
          "schema_version": 0,
          "attributes": {
            "build_config": [
              {
                "automatic_update_policy": [
                  {}
                ],
                "build": "projects/617213468863/locations/us-central1/builds/b75c0be8-1734-4a66-a0c1-7558f2437a2d",
                "docker_repository": "projects/digital-shadow-417907/locations/us-central1/repositories/gcf-artifacts",
                "entry_point": "load-startup-data",
                "environment_variables": {},
                "on_deploy_update_policy": [],
                "runtime": "nodejs20",
                "service_account": "projects/digital-shadow-417907/serviceAccounts/617213468863-compute@developer.gserviceaccount.com",
                "source": [
                  {
                    "repo_source": [],
                    "storage_source": [
                      {
                        "bucket": "digital-shadow-417907-function-sources",
                        "generation": 1757780123192746,
                        "object": "functions.zip"
                      }
                    ]
                  }
                ],
                "worker_pool": ""
              }
            ],
            "description": "",
            "effective_labels": {
              "goog-terraform-provisioned": "true"
            },
            "environment": "GEN_2",
            "event_trigger": [],
            "id": "projects/digital-shadow-417907/locations/us-central1/functions/get-public-data",
            "kms_key_name": "",
            "labels": {},
            "location": "us-central1",
            "name": "get-public-data",
            "project": "digital-shadow-417907",
            "service_config": [
              {
                "all_traffic_on_latest_revision": true,
                "available_cpu": "0.1666",
                "available_memory": "256M",
                "binary_authorization_policy": "",
                "environment_variables": {
                  "LOG_EXECUTION_ID": "true"
                },
                "gcf_uri": "",
                "ingress_settings": "ALLOW_ALL",
                "max_instance_count": 12,
                "max_instance_request_concurrency": 1,
                "min_instance_count": 0,
                "secret_environment_variables": [],
                "secret_volumes": [],
                "service": "projects/digital-shadow-417907/locations/us-central1/services/get-public-data",
                "service_account_email": "617213468863-compute@developer.gserviceaccount.com",
                "timeout_seconds": 60,
                "uri": "https://get-public-data-4jtjhrb72q-uc.a.run.app",
                "vpc_connector": "",
                "vpc_connector_egress_settings": ""
              }
            ],
            "state": "ACTIVE",
            "terraform_labels": {
              "goog-terraform-provisioned": "true"
            },
            "timeouts": null,
            "update_time": "2025-09-13T16:16:52.296353275Z",
            "url": "https://us-central1-digital-shadow-417907.cloudfunctions.net/get-public-data"
          },
          "sensitive_attributes": [],
          "private": "eyJlMmJmYjczMC1lY2FhLTExZTYtOGY4OC0zNDM2M2JjN2M0YzAiOnsiY3JlYXRlIjozNjAwMDAwMDAwMDAwLCJkZWxldGUiOjM2MDAwMDAwMDAwMDAsInVwZGF0ZSI6MzYwMDAwMDAwMDAwMH19",
          "dependencies": [
            "data.archive_file.source",
            "google_storage_bucket.function_sources_bucket",
            "google_storage_bucket_object.archive"
          ]
        }
      ]
    },
    {
      "mode": "managed",
      "type": "google_cloudfunctions2_function",
      "name": "get_suggestions",
      "provider": "provider[\"registry.terraform.io/hashicorp/google\"]",
      "instances": [
        {
          "schema_version": 0,
          "attributes": {
            "build_config": [
              {
                "automatic_update_policy": [
                  {}
                ],
                "build": "projects/617213468863/locations/us-central1/builds/3a468ab3-cff1-4ce0-9503-dbddca947e22",
                "docker_repository": "projects/digital-shadow-417907/locations/us-central1/repositories/gcf-artifacts",
                "entry_point": "get-suggestions",
                "environment_variables": {},
                "on_deploy_update_policy": [],
                "runtime": "nodejs20",
                "service_account": "projects/digital-shadow-417907/serviceAccounts/617213468863-compute@developer.gserviceaccount.com",
                "source": [
                  {
                    "repo_source": [],
                    "storage_source": [
                      {
                        "bucket": "digital-shadow-417907-function-sources",
                        "generation": 1757662146936898,
                        "object": "functions.zip"
                      }
                    ]
                  }
                ],
                "worker_pool": ""
              }
            ],
            "description": "",
            "effective_labels": {
              "deployment-tool": "cli-gcloud"
            },
            "environment": "GEN_2",
            "event_trigger": [],
            "id": "projects/digital-shadow-417907/locations/us-central1/functions/get-suggestions",
            "kms_key_name": "",
            "labels": {},
            "location": "us-central1",
            "name": "get-suggestions",
            "project": "digital-shadow-417907",
            "service_config": [
              {
                "all_traffic_on_latest_revision": true,
                "available_cpu": "0.3333",
                "available_memory": "512M",
                "binary_authorization_policy": "",
                "environment_variables": {
                  "LOG_EXECUTION_ID": "true"
                },
                "gcf_uri": "",
                "ingress_settings": "ALLOW_ALL",
                "max_instance_count": 12,
                "max_instance_request_concurrency": 1,
                "min_instance_count": 0,
                "secret_environment_variables": [],
                "secret_volumes": [],
                "service": "projects/digital-shadow-417907/locations/us-central1/services/get-suggestions",
                "service_account_email": "617213468863-compute@developer.gserviceaccount.com",
                "timeout_seconds": 60,
                "uri": "https://get-suggestions-4jtjhrb72q-uc.a.run.app",
                "vpc_connector": "",
                "vpc_connector_egress_settings": ""
              }
            ],
            "state": "ACTIVE",
            "terraform_labels": {},
            "timeouts": null,
            "update_time": "2025-09-12T07:30:26.252945455Z",
            "url": "https://us-central1-digital-shadow-417907.cloudfunctions.net/get-suggestions"
          },
          "sensitive_attributes": [],
          "private": "eyJlMmJmYjczMC1lY2FhLTExZTYtOGY4OC0zNDM2M2JjN2M0YzAiOnsiY3JlYXRlIjozNjAwMDAwMDAwMDAwLCJkZWxldGUiOjM2MDAwMDAwMDAwMDAsInVwZGF0ZSI6MzYwMDAwMDAwMDAwMH19",
          "dependencies": [
            "data.archive_file.source",
            "google_storage_bucket.function_sources_bucket",
            "google_storage_bucket_object.archive"
          ]
        }
      ]
    },
    {
      "mode": "managed",
      "type": "google_cloudfunctions2_function",
      "name": "load_startup_data",
      "provider": "provider[\"registry.terraform.io/hashicorp/google\"]",
      "instances": [
        {
          "schema_version": 0,
          "attributes": {
            "build_config": [
              {
                "automatic_update_policy": [
                  {}
                ],
                "build": "projects/617213468863/locations/us-central1/builds/c50fdc54-1577-453a-bf44-39b7c33a5b75",
                "docker_repository": "projects/digital-shadow-417907/locations/us-central1/repositories/gcf-artifacts",
                "entry_point": "load-startup-data",
                "environment_variables": {},
                "on_deploy_update_policy": [],
                "runtime": "nodejs20",
                "service_account": "projects/digital-shadow-417907/serviceAccounts/617213468863-compute@developer.gserviceaccount.com",
                "source": [
                  {
                    "repo_source": [],
                    "storage_source": [
                      {
                        "bucket": "digital-shadow-417907-function-sources",
                        "generation": 1757661141153441,
                        "object": "functions.zip"
                      }
                    ]
                  }
                ],
                "worker_pool": ""
              }
            ],
            "description": "",
            "effective_labels": {
              "deployment-tool": "cli-gcloud"
            },
            "environment": "GEN_2",
            "event_trigger": [],
            "id": "projects/digital-shadow-417907/locations/us-central1/functions/load-startup-data",
            "kms_key_name": "",
            "labels": {},
            "location": "us-central1",
            "name": "load-startup-data",
            "project": "digital-shadow-417907",
            "service_config": [
              {
                "all_traffic_on_latest_revision": true,
                "available_cpu": "0.3333",
                "available_memory": "512M",
                "binary_authorization_policy": "",
                "environment_variables": {
                  "LOG_EXECUTION_ID": "true"
                },
                "gcf_uri": "",
                "ingress_settings": "ALLOW_ALL",
                "max_instance_count": 6,
                "max_instance_request_concurrency": 1,
                "min_instance_count": 0,
                "secret_environment_variables": [],
                "secret_volumes": [],
                "service": "projects/digital-shadow-417907/locations/us-central1/services/load-startup-data",
                "service_account_email": "617213468863-compute@developer.gserviceaccount.com",
                "timeout_seconds": 60,
                "uri": "https://load-startup-data-4jtjhrb72q-uc.a.run.app",
                "vpc_connector": "",
                "vpc_connector_egress_settings": ""
              }
            ],
            "state": "ACTIVE",
            "terraform_labels": {},
            "timeouts": null,
            "update_time": "2025-09-12T07:13:42.110513980Z",
            "url": "https://us-central1-digital-shadow-417907.cloudfunctions.net/load-startup-data"
          },
          "sensitive_attributes": [],
          "private": "eyJlMmJmYjczMC1lY2FhLTExZTYtOGY4OC0zNDM2M2JjN2M0YzAiOnsiY3JlYXRlIjozNjAwMDAwMDAwMDAwLCJkZWxldGUiOjM2MDAwMDAwMDAwMDAsInVwZGF0ZSI6MzYwMDAwMDAwMDAwMH19",
          "dependencies": [
            "data.archive_file.source",
            "google_storage_bucket.function_sources_bucket",
            "google_storage_bucket_object.archive"
          ]
        }
      ]
    },
    {
      "mode": "managed",
      "type": "google_cloudfunctions_function",
      "name": "http_function",
      "provider": "provider[\"registry.terraform.io/hashicorp/google\"]",
      "instances": [
        {
          "schema_version": 0,
          "attributes": {
            "automatic_update_policy": [
              {}
            ],
            "available_memory_mb": 256,
            "build_environment_variables": null,
            "build_service_account": "projects/digital-shadow-417907/serviceAccounts/617213468863-compute@developer.gserviceaccount.com",
            "build_worker_pool": "",
            "description": "Triggers on-demand vectorization.",
            "docker_registry": "ARTIFACT_REGISTRY",
            "docker_repository": "",
            "effective_labels": {
              "goog-terraform-provisioned": "true"
            },
            "entry_point": "vectorize-deal-note",
            "environment_variables": {
              "GEMINI_API_KEY": "AIzaSyCmhFjXrfx8JmIZNC6joHeU3O_DBMmqrk",
              "INDEX_ENDPOINT_ID": "deal-notes-index-endpoint",
              "LOCATION": "us-central1",
              "PROJECT_ID": "digital-shadow-417907"
            },
            "event_trigger": [],
            "https_trigger_security_level": "SECURE_OPTIONAL",
            "https_trigger_url": "https://us-central1-digital-shadow-417907.cloudfunctions.net/vectorize-deal-note",
            "id": "projects/digital-shadow-417907/locations/us-central1/functions/vectorize-deal-note",
            "ingress_settings": "ALLOW_ALL",
            "kms_key_name": "",
            "labels": {},
            "max_instances": 0,
            "min_instances": 0,
            "name": "vectorize-deal-note",
            "on_deploy_update_policy": [],
            "project": "digital-shadow-417907",
            "region": "us-central1",
            "runtime": "nodejs18",
            "secret_environment_variables": [],
            "secret_volumes": [],
            "service_account_email": "gemini-startup-evaluator@digital-shadow-417907.iam.gserviceaccount.com",
            "source_archive_bucket": "gcf-v2-sources-617213468863-us-central1",
            "source_archive_object": "functions.zip",
            "source_repository": [],
            "status": "ACTIVE",
            "terraform_labels": {
              "goog-terraform-provisioned": "true"
            },
            "timeout": 60,
            "timeouts": null,
            "trigger_http": true,
            "version_id": "1",
            "vpc_connector": "",
            "vpc_connector_egress_settings": ""
          },
          "sensitive_attributes": [],
          "private": "eyJlMmJmYjczMC1lY2FhLTExZTYtOGY4OC0zNDM2M2JjN2M0YzAiOnsiY3JlYXRlIjoxMjAwMDAwMDAwMDAwLCJkZWxldGUiOjEyMDAwMDAwMDAwMDAsInJlYWQiOjEyMDAwMDAwMDAwMDAsInVwZGF0ZSI6MTIwMDAwMDAwMDAwMH19",
          "dependencies": [
            "data.archive_file.source",
            "google_secret_manager_secret.gemini_api_key_secret",
            "google_storage_bucket.function_sources_bucket",
            "google_storage_bucket_object.archive"
          ]
        }
      ]
    },
    {
      "mode": "managed",
      "type": "google_cloudfunctions_function",
      "name": "process_document_function",
      "provider": "provider[\"registry.terraform.io/hashicorp/google\"]",
      "instances": [
        {
          "schema_version": 0,
          "attributes": {
            "automatic_update_policy": [
              {}
            ],
            "available_memory_mb": 512,
            "build_environment_variables": null,
            "build_service_account": "projects/digital-shadow-417907/serviceAccounts/617213468863-compute@developer.gserviceaccount.com",
            "build_worker_pool": "",
            "description": "Processes uploaded documents (PDFs, audio, video).",
            "docker_registry": "ARTIFACT_REGISTRY",
            "docker_repository": "",
            "effective_labels": {
              "goog-terraform-provisioned": "true"
            },
            "entry_point": "process-document",
            "environment_variables": {
              "GEMINI_API_KEY": "AIzaSyCmhFjXrfx8JmIZNC6joHeU3O_DBMmqrk"
            },
            "event_trigger": [
              {
                "event_type": "google.storage.object.finalize",
                "failure_policy": [
                  {
                    "retry": false
                  }
                ],
                "resource": "projects/digital-shadow-417907/buckets/ai-starter-evaluation-bucket-9pguwa"
              }
            ],
            "https_trigger_security_level": null,
            "https_trigger_url": null,
            "id": "projects/digital-shadow-417907/locations/us-central1/functions/process-document",
            "ingress_settings": "ALLOW_ALL",
            "kms_key_name": "",
            "labels": {},
            "max_instances": 3000,
            "min_instances": 0,
            "name": "process-document",
            "on_deploy_update_policy": [],
            "project": "digital-shadow-417907",
            "region": "us-central1",
            "runtime": "nodejs20",
            "secret_environment_variables": [],
            "secret_volumes": [],
            "service_account_email": "gemini-startup-evaluator@digital-shadow-417907.iam.gserviceaccount.com",
            "source_archive_bucket": "gcf-v2-sources-617213468863-us-central1",
            "source_archive_object": "functions.zip",
            "source_repository": [],
            "status": "ACTIVE",
            "terraform_labels": {
              "goog-terraform-provisioned": "true"
            },
            "timeout": 60,
            "timeouts": null,
            "trigger_http": null,
            "version_id": "1",
            "vpc_connector": "",
            "vpc_connector_egress_settings": ""
          },
          "sensitive_attributes": [],
          "private": "eyJlMmJmYjczMC1lY2FhLTExZTYtOGY4OC0zNDM2M2JjN2M0YzAiOnsiY3JlYXRlIjoxMjAwMDAwMDAwMDAwLCJkZWxldGUiOjEyMDAwMDAwMDAwMDAsInJlYWQiOjEyMDAwMDAwMDAwMDAsInVwZGF0ZSI6MTIwMDAwMDAwMDAwMH19",
          "dependencies": [
            "data.archive_file.source",
            "google_secret_manager_secret.gemini_api_key_secret",
            "google_storage_bucket.function_sources_bucket",
            "google_storage_bucket_object.archive"
          ]
        }
      ]
    },
    {
      "mode": "managed",
      "type": "google_cloudfunctions_function_iam_member",
      "name": "invoker",
      "provider": "provider[\"registry.terraform.io/hashicorp/google\"]",
      "instances": [
        {
          "schema_version": 0,
          "attributes": {
            "cloud_function": "projects/digital-shadow-417907/locations/us-central1/functions/vectorize-deal-note",
            "condition": [],
            "etag": "BwY+qxOfCH4=",
            "id": "projects/digital-shadow-417907/locations/us-central1/functions/vectorize-deal-note/roles/cloudfunctions.invoker/allUsers",
            "member": "allUsers",
            "project": "digital-shadow-417907",
            "region": "us-central1",
            "role": "roles/cloudfunctions.invoker"
          },
          "sensitive_attributes": [],
          "private": "bnVsbA==",
          "dependencies": [
            "data.archive_file.source",
            "google_cloudfunctions_function.http_function",
            "google_secret_manager_secret.gemini_api_key_secret",
            "google_storage_bucket.function_sources_bucket",
            "google_storage_bucket_object.archive"
          ]
        }
      ]
    },
    {
      "mode": "managed",
      "type": "google_firestore_database",
      "name": "database",
      "provider": "provider[\"registry.terraform.io/hashicorp/google\"]",
      "instances": [
        {
          "schema_version": 0,
          "attributes": {
            "app_engine_integration_mode": "DISABLED",
            "cmek_config": [],
            "concurrency_mode": "PESSIMISTIC",
            "create_time": "",
            "database_edition": "STANDARD",
            "delete_protection_state": "DELETE_PROTECTION_DISABLED",
            "deletion_policy": "ABANDON",
            "earliest_version_time": "2025-09-14T07:18:39.794844Z",
            "etag": "IOPloMbo148DML681cC91Y8D",
            "id": "projects/digital-shadow-417907/databases/(default)",
            "key_prefix": "",
            "location_id": "us-central1",
            "name": "(default)",
            "point_in_time_recovery_enablement": "POINT_IN_TIME_RECOVERY_DISABLED",
            "project": "digital-shadow-417907",
            "tags": null,
            "timeouts": null,
            "type": "FIRESTORE_NATIVE",
            "uid": "b197e82c-57b2-4ad7-8019-a4c65484bc82",
            "update_time": "",
            "version_retention_period": "3600s"
          },
          "sensitive_attributes": [],
          "private": "eyJlMmJmYjczMC1lY2FhLTExZTYtOGY4OC0zNDM2M2JjN2M0YzAiOnsiY3JlYXRlIjoxMjAwMDAwMDAwMDAwLCJkZWxldGUiOjEyMDAwMDAwMDAwMDAsInVwZGF0ZSI6MTIwMDAwMDAwMDAwMH19"
        }
      ]
    },
    {
      "mode": "managed",
      "type": "google_secret_manager_secret",
      "name": "gemini_api_key_secret",
      "provider": "provider[\"registry.terraform.io/hashicorp/google\"]",
      "instances": [
        {
          "schema_version": 0,
          "attributes": {
            "annotations": null,
            "create_time": "2025-09-14T08:18:48.609795Z",
            "deletion_protection": false,
            "effective_annotations": {},
            "effective_labels": {
              "goog-terraform-provisioned": "true"
            },
            "expire_time": "",
            "id": "projects/digital-shadow-417907/secrets/gemini-api-key",
            "labels": null,
            "name": "projects/617213468863/secrets/gemini-api-key",
            "project": "digital-shadow-417907",
            "replication": [
              {
                "auto": [
                  {
                    "customer_managed_encryption": []
                  }
                ],
                "user_managed": []
              }
            ],
            "rotation": [],
            "secret_id": "gemini-api-key",
            "tags": null,
            "terraform_labels": {
              "goog-terraform-provisioned": "true"
            },
            "timeouts": null,
            "topics": [],
            "ttl": null,
            "version_aliases": null,
            "version_destroy_ttl": ""
          },
          "sensitive_attributes": [],
          "private": "eyJlMmJmYjczMC1lY2FhLTExZTYtOGY4OC0zNDM2M2JjN2M0YzAiOnsiY3JlYXRlIjoxMjAwMDAwMDAwMDAwLCJkZWxldGUiOjEyMDAwMDAwMDAwMDAsInVwZGF0ZSI6MTIwMDAwMDAwMDAwMH19"
        }
      ]
    },
    {
      "mode": "managed",
      "type": "google_secret_manager_secret_iam_member",
      "name": "gemini_api_key_secret_access",
      "provider": "provider[\"registry.terraform.io/hashicorp/google\"]",
      "instances": [
        {
          "schema_version": 0,
          "attributes": {
            "condition": [],
            "etag": "BwY+vol8Uo4=",
            "id": "projects/digital-shadow-417907/secrets/gemini-api-key/roles/secretmanager.secretAccessor/serviceAccount:gemini-startup-evaluator@digital-shadow-417907.iam.gserviceaccount.com",
            "member": "serviceAccount:gemini-startup-evaluator@digital-shadow-417907.iam.gserviceaccount.com",
            "project": "digital-shadow-417907",
            "role": "roles/secretmanager.secretAccessor",
            "secret_id": "projects/digital-shadow-417907/secrets/gemini-api-key"
          },
          "sensitive_attributes": [],
          "private": "bnVsbA==",
          "dependencies": [
            "google_secret_manager_secret.gemini_api_key_secret"
          ]
        }
      ]
    },
    {
      "mode": "managed",
      "type": "google_secret_manager_secret_version",
      "name": "gemini_api_key_secret_version",
      "provider": "provider[\"registry.terraform.io/hashicorp/google\"]",
      "instances": [
        {
          "schema_version": 0,
          "attributes": {
            "create_time": "2025-09-14T08:18:54.705696Z",
            "deletion_policy": "DELETE",
            "destroy_time": "",
            "enabled": true,
            "id": "projects/617213468863/secrets/gemini-api-key/versions/1",
            "is_secret_data_base64": false,
            "name": "projects/617213468863/secrets/gemini-api-key/versions/1",
            "secret": "projects/digital-shadow-417907/secrets/gemini-api-key",
            "secret_data": "AIzaSyCmhFjXrfx8JmIZNC6joHeU3O_DBMmqrk",
            "secret_data_wo": null,
            "secret_data_wo_version": 0,
            "timeouts": null,
            "version": "1"
          },
          "sensitive_attributes": [
            [
              {
                "type": "get_attr",
                "value": "secret_data"
              }
            ]
          ],
          "private": "eyJlMmJmYjczMC1lY2FhLTExZTYtOGY4OC0zNDM2M2JjN2M0YzAiOnsiY3JlYXRlIjoxMjAwMDAwMDAwMDAwLCJkZWxldGUiOjEyMDAwMDAwMDAwMDAsInVwZGF0ZSI6MTIwMDAwMDAwMDAwMH19",
          "dependencies": [
            "google_secret_manager_secret.gemini_api_key_secret"
          ]
        }
      ]
    },
    {
      "mode": "managed",
      "type": "google_storage_bucket",
      "name": "founder_materials",
      "provider": "provider[\"registry.terraform.io/hashicorp/google\"]",
      "instances": [
        {
          "schema_version": 4,
          "attributes": {
            "autoclass": [],
            "cors": [],
            "custom_placement_config": [],
            "default_event_based_hold": false,
            "effective_labels": {
              "goog-terraform-provisioned": "true"
            },
            "enable_object_retention": false,
            "encryption": [],
            "force_destroy": true,
            "hierarchical_namespace": [
              {
                "enabled": false
              }
            ],
            "id": "ai-starter-evaluation-bucket-9pguwa",
            "ip_filter": [],
            "labels": {},
            "lifecycle_rule": [
              {
                "action": [
                  {
                    "storage_class": "COLDLINE",
                    "type": "SetStorageClass"
                  }
                ],
                "condition": [
                  {
                    "age": 90,
                    "created_before": "",
                    "custom_time_before": "",
                    "days_since_custom_time": 0,
                    "days_since_noncurrent_time": 0,
                    "matches_prefix": [],
                    "matches_storage_class": [],
                    "matches_suffix": [],
                    "noncurrent_time_before": "",
                    "num_newer_versions": 0,
                    "send_age_if_zero": false,
                    "send_days_since_custom_time_if_zero": false,
                    "send_days_since_noncurrent_time_if_zero": false,
                    "send_num_newer_versions_if_zero": false,
                    "with_state": ""
                  }
                ]
              },
              {
                "action": [
                  {
                    "storage_class": "ARCHIVE",
                    "type": "SetStorageClass"
                  }
                ],
                "condition": [
                  {
                    "age": 365,
                    "created_before": "",
                    "custom_time_before": "",
                    "days_since_custom_time": 0,
                    "days_since_noncurrent_time": 0,
                    "matches_prefix": [],
                    "matches_storage_class": [],
                    "matches_suffix": [],
                    "noncurrent_time_before": "",
                    "num_newer_versions": 0,
                    "send_age_if_zero": false,
                    "send_days_since_custom_time_if_zero": false,
                    "send_days_since_noncurrent_time_if_zero": false,
                    "send_num_newer_versions_if_zero": false,
                    "with_state": ""
                  }
                ]
              }
            ],
            "location": "US-CENTRAL1",
            "logging": [],
            "name": "ai-starter-evaluation-bucket-9pguwa",
            "project": "digital-shadow-417907",
            "project_number": 617213468863,
            "public_access_prevention": "inherited",
            "requester_pays": false,
            "retention_policy": [],
            "rpo": null,
            "self_link": "https://www.googleapis.com/storage/v1/b/ai-starter-evaluation-bucket-9pguwa",
            "soft_delete_policy": [
              {
                "effective_time": "2025-09-13T09:01:28.628Z",
                "retention_duration_seconds": 604800
              }
            ],
            "storage_class": "STANDARD",
            "terraform_labels": {
              "goog-terraform-provisioned": "true"
            },
            "time_created": "2025-09-13T09:01:28.628Z",
            "timeouts": null,
            "uniform_bucket_level_access": true,
            "updated": "2025-09-13T09:05:28.849Z",
            "url": "gs://ai-starter-evaluation-bucket-9pguwa",
            "versioning": [],
            "website": []
          },
          "sensitive_attributes": [],
          "private": "eyJlMmJmYjczMC1lY2FhLTExZTYtOGY4OC0zNDM2M2JjN2M0YzAiOnsiY3JlYXRlIjo2MDAwMDAwMDAwMDAsInJlYWQiOjI0MDAwMDAwMDAwMCwidXBkYXRlIjoyNDAwMDAwMDAwMDB9LCJzY2hlbWFfdmVyc2lvbiI6IjQifQ=="
        }
      ]
    },
    {
      "mode": "managed",
      "type": "google_storage_bucket",
      "name": "function_sources_bucket",
      "provider": "provider[\"registry.terraform.io/hashicorp/google\"]",
      "instances": [
        {
          "schema_version": 4,
          "attributes": {
            "autoclass": [],
            "cors": [],
            "custom_placement_config": [],
            "default_event_based_hold": false,
            "effective_labels": {
              "goog-terraform-provisioned": "true"
            },
            "enable_object_retention": false,
            "encryption": [],
            "force_destroy": true,
            "hierarchical_namespace": [
              {
                "enabled": false
              }
            ],
            "id": "digital-shadow-417907-function-sources",
            "ip_filter": [],
            "labels": null,
            "lifecycle_rule": [],
            "location": "US-CENTRAL1",
            "logging": [],
            "name": "digital-shadow-417907-function-sources",
            "project": "digital-shadow-417907",
            "project_number": 617213468863,
            "public_access_prevention": "inherited",
            "requester_pays": false,
            "retention_policy": [],
            "rpo": null,
            "self_link": "https://www.googleapis.com/storage/v1/b/digital-shadow-417907-function-sources",
            "soft_delete_policy": [
              {
                "effective_time": "2025-09-14T08:18:50.477Z",
                "retention_duration_seconds": 604800
              }
            ],
            "storage_class": "STANDARD",
            "terraform_labels": {
              "goog-terraform-provisioned": "true"
            },
            "time_created": "2025-09-14T08:18:50.477Z",
            "timeouts": null,
            "uniform_bucket_level_access": true,
            "updated": "2025-09-14T08:18:50.477Z",
            "url": "gs://digital-shadow-417907-function-sources",
            "versioning": [],
            "website": []
          },
          "sensitive_attributes": [],
          "private": "eyJlMmJmYjczMC1lY2FhLTExZTYtOGY4OC0zNDM2M2JjN2M0YzAiOnsiY3JlYXRlIjo2MDAwMDAwMDAwMDAsInJlYWQiOjI0MDAwMDAwMDAwMCwidXBkYXRlIjoyNDAwMDAwMDAwMDB9LCJzY2hlbWFfdmVyc2lvbiI6IjQifQ=="
        }
      ]
    },
    {
      "mode": "managed",
      "type": "google_storage_bucket_object",
      "name": "archive",
      "provider": "provider[\"registry.terraform.io/hashicorp/google\"]",
      "instances": [
        {
          "schema_version": 0,
          "attributes": {
            "bucket": "digital-shadow-417907-function-sources",
            "cache_control": "",
            "content": null,
            "content_disposition": "",
            "content_encoding": "",
            "content_language": "",
            "content_type": "application/zip",
            "crc32c": "hhKreQ==",
            "customer_encryption": [],
            "deletion_policy": null,
            "detect_md5hash": "57Fd7XG6syMQGPy32L4VWQ==",
            "event_based_hold": false,
            "force_empty_content_type": null,
            "generation": 1757837941513623,
            "id": "digital-shadow-417907-function-sources-functions.zip",
            "kms_key_name": "",
            "md5hash": "57Fd7XG6syMQGPy32L4VWQ==",
            "md5hexhash": "e7b15ded71bab3231018fcb7d8be1559",
            "media_link": "https://storage.googleapis.com/download/storage/v1/b/digital-shadow-417907-function-sources/o/functions.zip?generation=1757837941513623\u0026alt=media",
            "metadata": null,
            "name": "functions.zip",
            "output_name": "functions.zip",
            "retention": [],
            "self_link": "https://www.googleapis.com/storage/v1/b/digital-shadow-417907-function-sources/o/functions.zip",
            "source": "/tmp/functions.zip",
            "source_md5hash": "",
            "storage_class": "STANDARD",
            "temporary_hold": false,
            "timeouts": null
          },
          "sensitive_attributes": [],
          "private": "eyJlMmJmYjczMC1lY2FhLTExZTYtOGY4OC0zNDM2M2JjN2M0YzAiOnsiY3JlYXRlIjoyNDAwMDAwMDAwMDAsImRlbGV0ZSI6MjQwMDAwMDAwMDAwLCJ1cGRhdGUiOjI0MDAwMDAwMDAwMH19",
          "dependencies": [
            "data.archive_file.source",
            "google_storage_bucket.function_sources_bucket"
          ]
        }
      ]
    },
    {
      "mode": "managed",
      "type": "google_vertex_ai_index",
      "name": "deal_notes_index",
      "provider": "provider[\"registry.terraform.io/hashicorp/google\"]",
      "instances": [
        {
          "schema_version": 0,
          "attributes": {
            "create_time": "2025-09-13T09:01:31.864365Z",
            "deployed_indexes": [],
            "description": "Index for startup deal notes",
            "display_name": "deal-notes-index",
            "effective_labels": {
              "goog-terraform-provisioned": "true"
            },
            "etag": null,
            "id": "projects/digital-shadow-417907/locations/us-central1/indexes/2862796226217115648",
            "index_stats": [
              {
                "shards_count": 1,
                "vectors_count": ""
              }
            ],
            "index_update_method": "BATCH_UPDATE",
            "labels": {},
            "metadata": [
              {
                "config": [
                  {
                    "algorithm_config": [
                      {
                        "brute_force_config": [],
                        "tree_ah_config": [
                          {
                            "leaf_node_embedding_count": 5000,
                            "leaf_nodes_to_search_percent": 8
                          }
                        ]
                      }
                    ],
                    "approximate_neighbors_count": 150,
                    "dimensions": 768,
                    "distance_measure_type": "DOT_PRODUCT_DISTANCE",
                    "feature_norm_type": "NONE",
                    "shard_size": "SHARD_SIZE_MEDIUM"
                  }
                ],
                "contents_delta_uri": "gs://ai-starter-evaluation-bucket-9pguwa/deal-notes-vectors",
                "is_complete_overwrite": false
              }
            ],
            "metadata_schema_uri": "gs://google-cloud-aiplatform/schema/matchingengine/metadata/nearest_neighbor_search_1.0.0.yaml",
            "name": "2862796226217115648",
            "project": "digital-shadow-417907",
            "region": "us-central1",
            "terraform_labels": {
              "goog-terraform-provisioned": "true"
            },
            "timeouts": null,
            "update_time": "2025-09-13T09:01:49.244069Z"
          },
          "sensitive_attributes": [],
          "private": "eyJlMmJmYjczMC1lY2FhLTExZTYtOGY4OC0zNDM2M2JjN2M0YzAiOnsiY3JlYXRlIjoxMDgwMDAwMDAwMDAwMCwiZGVsZXRlIjoxMDgwMDAwMDAwMDAwMCwidXBkYXRlIjoxMDgwMDAwMDAwMDAwMH19",
          "dependencies": [
            "google_storage_bucket.founder_materials"
          ]
        }
      ]
    },
    {
      "mode": "managed",
      "type": "google_vertex_ai_index_endpoint",
      "name": "deal_notes_index_endpoint",
      "provider": "provider[\"registry.terraform.io/hashicorp/google\"]",
      "instances": [
        {
          "schema_version": 0,
          "attributes": {
            "create_time": "2025-09-13T08:41:57.275568Z",
            "description": "",
            "display_name": "deal-notes-index-endpoint",
            "effective_labels": {
              "goog-terraform-provisioned": "true"
            },
            "etag": null,
            "id": "projects/digital-shadow-417907/locations/us-central1/indexEndpoints/5103583331438559232",
            "labels": {},
            "name": "5103583331438559232",
            "network": "",
            "private_service_connect_config": [
              {
                "enable_private_service_connect": false,
                "project_allowlist": []
              }
            ],
            "project": "digital-shadow-417907",
            "public_endpoint_domain_name": "855023843.us-central1-617213468863.vdb.vertexai.goog",
            "public_endpoint_enabled": null,
            "region": "us-central1",
            "terraform_labels": {
              "goog-terraform-provisioned": "true"
            },
            "timeouts": null,
            "update_time": "2025-09-13T08:44:07.600408Z"
          },
          "sensitive_attributes": [],
          "private": "eyJlMmJmYjczMC1lY2FhLTExZTYtOGY4OC0zNDM2M2JjN2M0YzAiOnsiY3JlYXRlIjoxMjAwMDAwMDAwMDAwLCJkZWxldGUiOjEyMDAwMDAwMDAwMDAsInVwZGF0ZSI6MTIwMDAwMDAwMDAwMH19"
        }
      ]
    }
  ],
  "check_results": null
}
