{
  "version": 4,
  "terraform_version": "1.5.7",
  "serial": 92,
  "lineage": "af8968f6-e584-e809-efc9-6c4b76ec6085",
  "outputs": {},
  "resources": [
    {
      "mode": "managed",
      "type": "google_bigquery_dataset",
      "name": "startup_kpis",
      "provider": "provider[\"registry.terraform.io/hashicorp/google\"]",
      "instances": [
        {
          "schema_version": 0,
          "attributes": {
            "access": [
              {
                "dataset": [],
                "domain": "",
                "group_by_email": "",
                "iam_member": "",
                "role": "OWNER",
                "routine": [],
                "special_group": "",
                "user_by_email": "bakiyapalani1997@gmail.com",
                "view": []
              },
              {
                "dataset": [],
                "domain": "",
                "group_by_email": "",
                "iam_member": "",
                "role": "OWNER",
                "routine": [],
                "special_group": "projectOwners",
                "user_by_email": "",
                "view": []
              },
              {
                "dataset": [],
                "domain": "",
                "group_by_email": "",
                "iam_member": "",
                "role": "READER",
                "routine": [],
                "special_group": "projectReaders",
                "user_by_email": "",
                "view": []
              },
              {
                "dataset": [],
                "domain": "",
                "group_by_email": "",
                "iam_member": "",
                "role": "WRITER",
                "routine": [],
                "special_group": "projectWriters",
                "user_by_email": "",
                "view": []
              }
            ],
            "creation_time": 1757751993215,
            "dataset_id": "startup_kpis",
            "default_collation": "",
            "default_encryption_configuration": [],
            "default_partition_expiration_ms": 0,
            "default_table_expiration_ms": 0,
            "delete_contents_on_destroy": false,
            "description": "",
            "effective_labels": {
              "goog-terraform-provisioned": "true"
            },
            "etag": "7ppSnQ03qvdTNDQNhhi2Gg==",
            "external_dataset_reference": [],
            "friendly_name": "",
            "id": "projects/digital-shadow-417907/datasets/startup_kpis",
            "is_case_insensitive": false,
            "labels": {},
            "last_modified_time": 1757751993215,
            "location": "us-central1",
            "max_time_travel_hours": "168",
            "project": "digital-shadow-417907",
            "resource_tags": {},
            "self_link": "https://bigquery.googleapis.com/bigquery/v2/projects/digital-shadow-417907/datasets/startup_kpis",
            "storage_billing_model": "",
            "terraform_labels": {},
            "timeouts": null
          },
          "sensitive_attributes": [],
          "private": "eyJlMmJmYjczMC1lY2FhLTExZTYtOGY4OC0zNDM2M2JjN2M0YzAiOnsiY3JlYXRlIjoxMjAwMDAwMDAwMDAwLCJkZWxldGUiOjEyMDAwMDAwMDAwMDAsInVwZGF0ZSI6MTIwMDAwMDAwMDAwMH0sInNjaGVtYV92ZXJzaW9uIjoiMCJ9"
        }
      ]
    },
    {
      "mode": "managed",
      "type": "google_cloud_run_service_iam_member",
      "name": "allow_workflow_to_invoke_process_document",
      "provider": "provider[\"registry.terraform.io/hashicorp/google\"]",
      "instances": [
        {
          "schema_version": 0,
          "attributes": {
            "condition": [],
            "etag": "BwY/Ay8ZAfE=",
            "id": "v1/projects/digital-shadow-417907/locations/us-central1/services/process-document/roles/run.invoker/serviceAccount:gemini-startup-evaluator@digital-shadow-417907.iam.gserviceaccount.com",
            "location": "us-central1",
            "member": "serviceAccount:gemini-startup-evaluator@digital-shadow-417907.iam.gserviceaccount.com",
            "project": "digital-shadow-417907",
            "role": "roles/run.invoker",
            "service": "v1/projects/digital-shadow-417907/locations/us-central1/services/process-document"
          },
          "sensitive_attributes": [],
          "private": "bnVsbA==",
          "dependencies": [
            "google_cloudfunctions2_function.process_document",
            "google_project_service.enable_apis"
          ]
        }
      ]
    },
    {
      "mode": "managed",
      "type": "google_cloud_run_service_iam_member",
      "name": "allow_workflow_to_invoke_vectorize_deal_note",
      "provider": "provider[\"registry.terraform.io/hashicorp/google\"]",
      "instances": [
        {
          "schema_version": 0,
          "attributes": {
            "condition": [],
            "etag": "BwY/Aye68HE=",
            "id": "v1/projects/digital-shadow-417907/locations/us-central1/services/vectorize-deal-note/roles/run.invoker/serviceAccount:gemini-startup-evaluator@digital-shadow-417907.iam.gserviceaccount.com",
            "location": "us-central1",
            "member": "serviceAccount:gemini-startup-evaluator@digital-shadow-417907.iam.gserviceaccount.com",
            "project": "digital-shadow-417907",
            "role": "roles/run.invoker",
            "service": "v1/projects/digital-shadow-417907/locations/us-central1/services/vectorize-deal-note"
          },
          "sensitive_attributes": [],
          "private": "bnVsbA==",
          "dependencies": [
            "google_cloudfunctions2_function.vectorize_deal_note",
            "google_project_service.enable_apis"
          ]
        }
      ]
    },
    {
      "mode": "managed",
      "type": "google_cloud_run_service_iam_member",
      "name": "make_public",
      "provider": "provider[\"registry.terraform.io/hashicorp/google\"]",
      "instances": [
        {
          "schema_version": 0,
          "attributes": {
            "condition": [],
            "etag": "BwY/Az1ZUJI=",
            "id": "v1/projects/digital-shadow-417907/locations/us-central1/services/generate-signed-url/roles/run.invoker/allUsers",
            "location": "us-central1",
            "member": "allUsers",
            "project": "digital-shadow-417907",
            "role": "roles/run.invoker",
            "service": "v1/projects/digital-shadow-417907/locations/us-central1/services/generate-signed-url"
          },
          "sensitive_attributes": [],
          "private": "bnVsbA==",
          "dependencies": [
            "google_cloudfunctions2_function.generate_signed_url",
            "google_project_service.enable_apis"
          ]
        }
      ]
    },
    {
      "mode": "managed",
      "type": "google_cloudfunctions2_function",
      "name": "generate_signed_url",
      "provider": "provider[\"registry.terraform.io/hashicorp/google\"]",
      "instances": [
        {
          "schema_version": 0,
          "attributes": {
            "build_config": [
              {
                "automatic_update_policy": [
                  {}
                ],
                "build": "projects/617213468863/locations/us-central1/builds/76a7f076-168f-4bfb-9a0a-dddfcb701cbd",
                "docker_repository": "projects/digital-shadow-417907/locations/us-central1/repositories/gcf-artifacts",
                "entry_point": "generateSignedUrl",
                "environment_variables": {},
                "on_deploy_update_policy": [],
                "runtime": "nodejs20",
                "service_account": "projects/digital-shadow-417907/serviceAccounts/617213468863-compute@developer.gserviceaccount.com",
                "source": [
                  {
                    "repo_source": [],
                    "storage_source": [
                      {
                        "bucket": "digital-shadow-function-source",
                        "generation": 1758132933991756,
                        "object": "generate-signed-url.zip"
                      }
                    ]
                  }
                ],
                "worker_pool": ""
              }
            ],
            "description": "",
            "effective_labels": {},
            "environment": "GEN_2",
            "event_trigger": [],
            "id": "projects/digital-shadow-417907/locations/us-central1/functions/generate-signed-url",
            "kms_key_name": "",
            "labels": {},
            "location": "us-central1",
            "name": "generate-signed-url",
            "project": "digital-shadow-417907",
            "service_config": [
              {
                "all_traffic_on_latest_revision": true,
                "available_cpu": "0.1666",
                "available_memory": "256M",
                "environment_variables": {
                  "BUCKET_NAME": "ai-starter-evaluation-bucket-9pguwa",
                  "LOG_EXECUTION_ID": "true"
                },
                "gcf_uri": "",
                "ingress_settings": "ALLOW_ALL",
                "max_instance_count": 12,
                "max_instance_request_concurrency": 1,
                "min_instance_count": 0,
                "secret_environment_variables": [],
                "secret_volumes": [],
                "service": "projects/digital-shadow-417907/locations/us-central1/services/generate-signed-url",
                "service_account_email": "gemini-startup-evaluator@digital-shadow-417907.iam.gserviceaccount.com",
                "timeout_seconds": 60,
                "uri": "https://generate-signed-url-4jtjhrb72q-uc.a.run.app",
                "vpc_connector": "",
                "vpc_connector_egress_settings": ""
              }
            ],
            "state": "ACTIVE",
            "terraform_labels": {},
            "timeouts": null,
            "update_time": "2025-09-18T11:45:30.861087975Z",
            "url": "https://us-central1-digital-shadow-417907.cloudfunctions.net/generate-signed-url"
          },
          "sensitive_attributes": [],
          "private": "eyJlMmJmYjczMC1lY2FhLTExZTYtOGY4OC0zNDM2M2JjN2M0YzAiOnsiY3JlYXRlIjozNjAwMDAwMDAwMDAwLCJkZWxldGUiOjM2MDAwMDAwMDAwMDAsInVwZGF0ZSI6MzYwMDAwMDAwMDAwMH19",
          "dependencies": [
            "google_project_service.enable_apis"
          ]
        }
      ]
    },
    {
      "mode": "managed",
      "type": "google_cloudfunctions2_function",
      "name": "process_document",
      "provider": "provider[\"registry.terraform.io/hashicorp/google\"]",
      "instances": [
        {
          "schema_version": 0,
          "attributes": {
            "build_config": [
              {
                "automatic_update_policy": [
                  {}
                ],
                "build": "projects/617213468863/locations/us-central1/builds/3c7706f6-5e3a-487d-8e3e-c4731089e08d",
                "docker_repository": "projects/digital-shadow-417907/locations/us-central1/repositories/gcf-artifacts",
                "entry_point": "processDocument",
                "environment_variables": {},
                "on_deploy_update_policy": [],
                "runtime": "nodejs18",
                "service_account": "projects/digital-shadow-417907/serviceAccounts/617213468863-compute@developer.gserviceaccount.com",
                "source": [
                  {
                    "repo_source": [],
                    "storage_source": [
                      {
                        "bucket": "digital-shadow-function-source",
                        "generation": 1758132582402146,
                        "object": "process-document.zip"
                      }
                    ]
                  }
                ],
                "worker_pool": ""
              }
            ],
            "description": "",
            "effective_labels": {},
            "environment": "GEN_2",
            "event_trigger": [],
            "id": "projects/digital-shadow-417907/locations/us-central1/functions/process-document",
            "kms_key_name": "",
            "labels": {},
            "location": "us-central1",
            "name": "process-document",
            "project": "digital-shadow-417907",
            "service_config": [
              {
                "all_traffic_on_latest_revision": true,
                "available_cpu": "0.1666",
                "available_memory": "256M",
                "environment_variables": {
                  "LOG_EXECUTION_ID": "true"
                },
                "gcf_uri": "",
                "ingress_settings": "ALLOW_ALL",
                "max_instance_count": 12,
                "max_instance_request_concurrency": 1,
                "min_instance_count": 0,
                "secret_environment_variables": [],
                "secret_volumes": [],
                "service": "projects/digital-shadow-417907/locations/us-central1/services/process-document",
                "service_account_email": "gemini-startup-evaluator@digital-shadow-417907.iam.gserviceaccount.com",
                "timeout_seconds": 60,
                "uri": "https://process-document-4jtjhrb72q-uc.a.run.app",
                "vpc_connector": "",
                "vpc_connector_egress_settings": ""
              }
            ],
            "state": "ACTIVE",
            "terraform_labels": {},
            "timeouts": null,
            "update_time": "2025-09-18T06:12:49.183130707Z",
            "url": "https://us-central1-digital-shadow-417907.cloudfunctions.net/process-document"
          },
          "sensitive_attributes": [],
          "private": "eyJlMmJmYjczMC1lY2FhLTExZTYtOGY4OC0zNDM2M2JjN2M0YzAiOnsiY3JlYXRlIjozNjAwMDAwMDAwMDAwLCJkZWxldGUiOjM2MDAwMDAwMDAwMDAsInVwZGF0ZSI6MzYwMDAwMDAwMDAwMH19",
          "dependencies": [
            "google_project_service.enable_apis"
          ]
        }
      ]
    },
    {
      "mode": "managed",
      "type": "google_cloudfunctions2_function",
      "name": "vectorize_deal_note",
      "provider": "provider[\"registry.terraform.io/hashicorp/google\"]",
      "instances": [
        {
          "schema_version": 0,
          "attributes": {
            "build_config": [
              {
                "automatic_update_policy": [
                  {}
                ],
                "build": "projects/617213468863/locations/us-central1/builds/bb866c5a-22e7-4cea-9a57-b181b66982d2",
                "docker_repository": "projects/digital-shadow-417907/locations/us-central1/repositories/gcf-artifacts",
                "entry_point": "vectorizeDealNote",
                "environment_variables": {},
                "on_deploy_update_policy": [],
                "runtime": "nodejs18",
                "service_account": "projects/digital-shadow-417907/serviceAccounts/617213468863-compute@developer.gserviceaccount.com",
                "source": [
                  {
                    "repo_source": [],
                    "storage_source": [
                      {
                        "bucket": "digital-shadow-function-source",
                        "generation": 1758132582430170,
                        "object": "vectorize-deal-note.zip"
                      }
                    ]
                  }
                ],
                "worker_pool": ""
              }
            ],
            "description": "",
            "effective_labels": {},
            "environment": "GEN_2",
            "event_trigger": [],
            "id": "projects/digital-shadow-417907/locations/us-central1/functions/vectorize-deal-note",
            "kms_key_name": "",
            "labels": {},
            "location": "us-central1",
            "name": "vectorize-deal-note",
            "project": "digital-shadow-417907",
            "service_config": [
              {
                "all_traffic_on_latest_revision": true,
                "available_cpu": "0.1666",
                "available_memory": "256M",
                "environment_variables": {
                  "LOG_EXECUTION_ID": "true"
                },
                "gcf_uri": "",
                "ingress_settings": "ALLOW_ALL",
                "max_instance_count": 12,
                "max_instance_request_concurrency": 1,
                "min_instance_count": 0,
                "secret_environment_variables": [],
                "secret_volumes": [],
                "service": "projects/digital-shadow-417907/locations/us-central1/services/vectorize-deal-note",
                "service_account_email": "gemini-startup-evaluator@digital-shadow-417907.iam.gserviceaccount.com",
                "timeout_seconds": 60,
                "uri": "https://vectorize-deal-note-4jtjhrb72q-uc.a.run.app",
                "vpc_connector": "",
                "vpc_connector_egress_settings": ""
              }
            ],
            "state": "ACTIVE",
            "terraform_labels": {},
            "timeouts": null,
            "update_time": "2025-09-18T06:12:21.027797208Z",
            "url": "https://us-central1-digital-shadow-417907.cloudfunctions.net/vectorize-deal-note"
          },
          "sensitive_attributes": [],
          "private": "eyJlMmJmYjczMC1lY2FhLTExZTYtOGY4OC0zNDM2M2JjN2M0YzAiOnsiY3JlYXRlIjozNjAwMDAwMDAwMDAwLCJkZWxldGUiOjM2MDAwMDAwMDAwMDAsInVwZGF0ZSI6MzYwMDAwMDAwMDAwMH19",
          "dependencies": [
            "google_project_service.enable_apis"
          ]
        }
      ]
    },
    {
      "mode": "managed",
      "type": "google_eventarc_trigger",
      "name": "mcp_trigger",
      "provider": "provider[\"registry.terraform.io/hashicorp/google\"]",
      "instances": [
        {
          "schema_version": 0,
          "attributes": {
            "channel": "",
            "conditions": {},
            "create_time": "2025-09-17T18:24:58.652272337Z",
            "destination": [
              {
                "cloud_function": "",
                "cloud_run_service": [],
                "gke": [],
                "http_endpoint": [],
                "network_config": [],
                "workflow": "projects/digital-shadow-417907/locations/us-central1/workflows/mcp-pipeline"
              }
            ],
            "effective_labels": {},
            "etag": "",
            "event_data_content_type": "application/json",
            "id": "projects/digital-shadow-417907/locations/us-central1/triggers/mcp-pipeline-trigger",
            "labels": {},
            "location": "us-central1",
            "matching_criteria": [
              {
                "attribute": "bucket",
                "operator": "",
                "value": "ai-starter-evaluation-bucket-9pguwa"
              },
              {
                "attribute": "type",
                "operator": "",
                "value": "google.cloud.storage.object.v1.finalized"
              }
            ],
            "name": "mcp-pipeline-trigger",
            "project": "digital-shadow-417907",
            "service_account": "gemini-startup-evaluator@digital-shadow-417907.iam.gserviceaccount.com",
            "terraform_labels": {},
            "timeouts": null,
            "transport": [
              {
                "pubsub": [
                  {
                    "subscription": "projects/digital-shadow-417907/subscriptions/eventarc-us-central1-mcp-pipeline-trigger-sub-427",
                    "topic": "projects/digital-shadow-417907/topics/eventarc-us-central1-mcp-pipeline-trigger-710"
                  }
                ]
              }
            ],
            "uid": "b87b65a3-7ce1-4ec4-b00b-63e78df63ce6",
            "update_time": "2025-09-17T18:25:06.381360943Z"
          },
          "sensitive_attributes": [],
          "private": "eyJlMmJmYjczMC1lY2FhLTExZTYtOGY4OC0zNDM2M2JjN2M0YzAiOnsiY3JlYXRlIjoxMjAwMDAwMDAwMDAwLCJkZWxldGUiOjEyMDAwMDAwMDAwMDAsInVwZGF0ZSI6MTIwMDAwMDAwMDAwMH19",
          "dependencies": [
            "google_cloudfunctions2_function.process_document",
            "google_cloudfunctions2_function.vectorize_deal_note",
            "google_project_service.enable_apis",
            "google_pubsub_topic.new_document_topic",
            "google_workflows_workflow.mcp_pipeline"
          ]
        }
      ]
    },
    {
      "mode": "managed",
      "type": "google_project_iam_member",
      "name": "allow_gcs_to_publish_to_pubsub",
      "provider": "provider[\"registry.terraform.io/hashicorp/google\"]",
      "instances": [
        {
          "schema_version": 0,
          "attributes": {
            "condition": [],
            "etag": "BwY/E3ddqrQ=",
            "id": "digital-shadow-417907/roles/pubsub.publisher/serviceAccount:service-617213468863@gs-project-accounts.iam.gserviceaccount.com",
            "member": "serviceAccount:service-617213468863@gs-project-accounts.iam.gserviceaccount.com",
            "project": "digital-shadow-417907",
            "role": "roles/pubsub.publisher"
          },
          "sensitive_attributes": [],
          "private": "bnVsbA=="
        }
      ]
    },
    {
      "mode": "managed",
      "type": "google_project_iam_member",
      "name": "allow_workflow_to_write_to_firestore",
      "provider": "provider[\"registry.terraform.io/hashicorp/google\"]",
      "instances": [
        {
          "schema_version": 0,
          "attributes": {
            "condition": [],
            "etag": "BwY/E3ddqrQ=",
            "id": "digital-shadow-417907/roles/datastore.user/serviceAccount:gemini-startup-evaluator@digital-shadow-417907.iam.gserviceaccount.com",
            "member": "serviceAccount:gemini-startup-evaluator@digital-shadow-417907.iam.gserviceaccount.com",
            "project": "digital-shadow-417907",
            "role": "roles/datastore.user"
          },
          "sensitive_attributes": [],
          "private": "bnVsbA=="
        }
      ]
    },
    {
      "mode": "managed",
      "type": "google_project_service",
      "name": "enable_apis",
      "provider": "provider[\"registry.terraform.io/hashicorp/google\"]",
      "instances": [
        {
          "index_key": "aiplatform.googleapis.com",
          "schema_version": 0,
          "attributes": {
            "disable_dependent_services": null,
            "disable_on_destroy": false,
            "id": "digital-shadow-417907/aiplatform.googleapis.com",
            "project": "digital-shadow-417907",
            "service": "aiplatform.googleapis.com",
            "timeouts": null
          },
          "sensitive_attributes": [],
          "private": "eyJlMmJmYjczMC1lY2FhLTExZTYtOGY4OC0zNDM2M2JjN2M0YzAiOnsiY3JlYXRlIjoxMjAwMDAwMDAwMDAwLCJkZWxldGUiOjEyMDAwMDAwMDAwMDAsInJlYWQiOjYwMDAwMDAwMDAwMCwidXBkYXRlIjoxMjAwMDAwMDAwMDAwfX0="
        },
        {
          "index_key": "cloudbuild.googleapis.com",
          "schema_version": 0,
          "attributes": {
            "disable_dependent_services": null,
            "disable_on_destroy": false,
            "id": "digital-shadow-417907/cloudbuild.googleapis.com",
            "project": "digital-shadow-417907",
            "service": "cloudbuild.googleapis.com",
            "timeouts": null
          },
          "sensitive_attributes": [],
          "private": "eyJlMmJmYjczMC1lY2FhLTExZTYtOGY4OC0zNDM2M2JjN2M0YzAiOnsiY3JlYXRlIjoxMjAwMDAwMDAwMDAwLCJkZWxldGUiOjEyMDAwMDAwMDAwMDAsInJlYWQiOjYwMDAwMDAwMDAwMCwidXBkYXRlIjoxMjAwMDAwMDAwMDAwfX0="
        },
        {
          "index_key": "cloudfunctions.googleapis.com",
          "schema_version": 0,
          "attributes": {
            "disable_dependent_services": null,
            "disable_on_destroy": false,
            "id": "digital-shadow-417907/cloudfunctions.googleapis.com",
            "project": "digital-shadow-417907",
            "service": "cloudfunctions.googleapis.com",
            "timeouts": null
          },
          "sensitive_attributes": [],
          "private": "eyJlMmJmYjczMC1lY2FhLTExZTYtOGY4OC0zNDM2M2JjN2M0YzAiOnsiY3JlYXRlIjoxMjAwMDAwMDAwMDAwLCJkZWxldGUiOjEyMDAwMDAwMDAwMDAsInJlYWQiOjYwMDAwMDAwMDAwMCwidXBkYXRlIjoxMjAwMDAwMDAwMDAwfX0="
        },
        {
          "index_key": "eventarc.googleapis.com",
          "schema_version": 0,
          "attributes": {
            "disable_dependent_services": null,
            "disable_on_destroy": false,
            "id": "digital-shadow-417907/eventarc.googleapis.com",
            "project": "digital-shadow-417907",
            "service": "eventarc.googleapis.com",
            "timeouts": null
          },
          "sensitive_attributes": [],
          "private": "eyJlMmJmYjczMC1lY2FhLTExZTYtOGY4OC0zNDM2M2JjN2M0YzAiOnsiY3JlYXRlIjoxMjAwMDAwMDAwMDAwLCJkZWxldGUiOjEyMDAwMDAwMDAwMDAsInJlYWQiOjYwMDAwMDAwMDAwMCwidXBkYXRlIjoxMjAwMDAwMDAwMDAwfX0="
        },
        {
          "index_key": "firestore.googleapis.com",
          "schema_version": 0,
          "attributes": {
            "disable_dependent_services": null,
            "disable_on_destroy": false,
            "id": "digital-shadow-417907/firestore.googleapis.com",
            "project": "digital-shadow-417907",
            "service": "firestore.googleapis.com",
            "timeouts": null
          },
          "sensitive_attributes": [],
          "private": "eyJlMmJmYjczMC1lY2FhLTExZTYtOGY4OC0zNDM2M2JjN2M0YzAiOnsiY3JlYXRlIjoxMjAwMDAwMDAwMDAwLCJkZWxldGUiOjEyMDAwMDAwMDAwMDAsInJlYWQiOjYwMDAwMDAwMDAwMCwidXBkYXRlIjoxMjAwMDAwMDAwMDAwfX0="
        },
        {
          "index_key": "iam.googleapis.com",
          "schema_version": 0,
          "attributes": {
            "disable_dependent_services": null,
            "disable_on_destroy": false,
            "id": "digital-shadow-417907/iam.googleapis.com",
            "project": "digital-shadow-417907",
            "service": "iam.googleapis.com",
            "timeouts": null
          },
          "sensitive_attributes": [],
          "private": "eyJlMmJmYjczMC1lY2FhLTExZTYtOGY4OC0zNDM2M2JjN2M0YzAiOnsiY3JlYXRlIjoxMjAwMDAwMDAwMDAwLCJkZWxldGUiOjEyMDAwMDAwMDAwMDAsInJlYWQiOjYwMDAwMDAwMDAwMCwidXBkYXRlIjoxMjAwMDAwMDAwMDAwfX0="
        },
        {
          "index_key": "pubsub.googleapis.com",
          "schema_version": 0,
          "attributes": {
            "disable_dependent_services": null,
            "disable_on_destroy": false,
            "id": "digital-shadow-417907/pubsub.googleapis.com",
            "project": "digital-shadow-417907",
            "service": "pubsub.googleapis.com",
            "timeouts": null
          },
          "sensitive_attributes": [],
          "private": "eyJlMmJmYjczMC1lY2FhLTExZTYtOGY4OC0zNDM2M2JjN2M0YzAiOnsiY3JlYXRlIjoxMjAwMDAwMDAwMDAwLCJkZWxldGUiOjEyMDAwMDAwMDAwMDAsInJlYWQiOjYwMDAwMDAwMDAwMCwidXBkYXRlIjoxMjAwMDAwMDAwMDAwfX0="
        },
        {
          "index_key": "run.googleapis.com",
          "schema_version": 0,
          "attributes": {
            "disable_dependent_services": null,
            "disable_on_destroy": false,
            "id": "digital-shadow-417907/run.googleapis.com",
            "project": "digital-shadow-417907",
            "service": "run.googleapis.com",
            "timeouts": null
          },
          "sensitive_attributes": [],
          "private": "eyJlMmJmYjczMC1lY2FhLTExZTYtOGY4OC0zNDM2M2JjN2M0YzAiOnsiY3JlYXRlIjoxMjAwMDAwMDAwMDAwLCJkZWxldGUiOjEyMDAwMDAwMDAwMDAsInJlYWQiOjYwMDAwMDAwMDAwMCwidXBkYXRlIjoxMjAwMDAwMDAwMDAwfX0="
        },
        {
          "index_key": "workflows.googleapis.com",
          "schema_version": 0,
          "attributes": {
            "disable_dependent_services": null,
            "disable_on_destroy": false,
            "id": "digital-shadow-417907/workflows.googleapis.com",
            "project": "digital-shadow-417907",
            "service": "workflows.googleapis.com",
            "timeouts": null
          },
          "sensitive_attributes": [],
          "private": "eyJlMmJmYjczMC1lY2FhLTExZTYtOGY4OC0zNDM2M2JjN2M0YzAiOnsiY3JlYXRlIjoxMjAwMDAwMDAwMDAwLCJkZWxldGUiOjEyMDAwMDAwMDAwMDAsInJlYWQiOjYwMDAwMDAwMDAwMCwidXBkYXRlIjoxMjAwMDAwMDAwMDAwfX0="
        }
      ]
    },
    {
      "mode": "managed",
      "type": "google_pubsub_topic",
      "name": "new_document_topic",
      "provider": "provider[\"registry.terraform.io/hashicorp/google\"]",
      "instances": [
        {
          "schema_version": 0,
          "attributes": {
            "effective_labels": {},
            "id": "projects/digital-shadow-417907/topics/new-document-ready",
            "ingestion_data_source_settings": [],
            "kms_key_name": "",
            "labels": {},
            "message_retention_duration": "",
            "message_storage_policy": [],
            "name": "new-document-ready",
            "project": "digital-shadow-417907",
            "schema_settings": [],
            "terraform_labels": {},
            "timeouts": null
          },
          "sensitive_attributes": [],
          "private": "eyJlMmJmYjczMC1lY2FhLTExZTYtOGY4OC0zNDM2M2JjN2M0YzAiOnsiY3JlYXRlIjoxMjAwMDAwMDAwMDAwLCJkZWxldGUiOjEyMDAwMDAwMDAwMDAsInVwZGF0ZSI6MTIwMDAwMDAwMDAwMH19",
          "dependencies": [
            "google_project_service.enable_apis"
          ]
        }
      ]
    },
    {
      "mode": "managed",
      "type": "google_service_account_iam_member",
      "name": "allow_self_to_sign_blobs",
      "provider": "provider[\"registry.terraform.io/hashicorp/google\"]",
      "instances": [
        {
          "schema_version": 0,
          "attributes": {
            "condition": [],
            "etag": "BwY/EeAyzVM=",
            "id": "projects/digital-shadow-417907/serviceAccounts/gemini-startup-evaluator@digital-shadow-417907.iam.gserviceaccount.com/roles/iam.serviceAccountTokenCreator/serviceAccount:gemini-startup-evaluator@digital-shadow-417907.iam.gserviceaccount.com",
            "member": "serviceAccount:gemini-startup-evaluator@digital-shadow-417907.iam.gserviceaccount.com",
            "role": "roles/iam.serviceAccountTokenCreator",
            "service_account_id": "projects/digital-shadow-417907/serviceAccounts/gemini-startup-evaluator@digital-shadow-417907.iam.gserviceaccount.com"
          },
          "sensitive_attributes": [],
          "private": "bnVsbA=="
        }
      ]
    },
    {
      "mode": "managed",
      "type": "google_storage_bucket_iam_member",
      "name": "allow_eventarc_to_read_bucket",
      "provider": "provider[\"registry.terraform.io/hashicorp/google\"]",
      "instances": [
        {
          "schema_version": 0,
          "attributes": {
            "bucket": "b/ai-starter-evaluation-bucket-9pguwa",
            "condition": [],
            "etag": "CAw=",
            "id": "b/ai-starter-evaluation-bucket-9pguwa/roles/storage.objectViewer/serviceAccount:gemini-startup-evaluator@digital-shadow-417907.iam.gserviceaccount.com",
            "member": "serviceAccount:gemini-startup-evaluator@digital-shadow-417907.iam.gserviceaccount.com",
            "role": "roles/storage.objectViewer"
          },
          "sensitive_attributes": [],
          "private": "bnVsbA=="
        }
      ]
    },
    {
      "mode": "managed",
      "type": "google_workflows_workflow",
      "name": "mcp_pipeline",
      "provider": "provider[\"registry.terraform.io/hashicorp/google\"]",
      "instances": [
        {
          "schema_version": 1,
          "attributes": {
            "call_log_level": "",
            "create_time": "2025-09-17T18:22:02.650500877Z",
            "crypto_key_name": "",
            "description": "Main workflow to process uploaded documents.",
            "effective_labels": {},
            "id": "projects/digital-shadow-417907/locations/us-central1/workflows/mcp-pipeline",
            "labels": {},
            "name": "mcp-pipeline",
            "name_prefix": null,
            "project": "digital-shadow-417907",
            "region": null,
            "revision_id": "000002-a01",
            "service_account": "projects/digital-shadow-417907/serviceAccounts/gemini-startup-evaluator@digital-shadow-417907.iam.gserviceaccount.com",
            "source_contents": "main:\n    params: [event]\n    steps:\n      - init:\n          assign: \n            - file_info: ${event.data}\n            - project_id: \"digital-shadow-417907\"\n            - firestore_collection: \"processed_documents\"\n      - call_extract_text:\n          try:\n            call: http.post\n            args:\n              url: https://process-document-4jtjhrb72q-uc.a.run.app\n              auth:\n                type: OIDC\n              body:\n                bucketName: ${file_info.bucket}\n                fileName: ${file_info.name}\n                contentType: ${file_info.contentType}\n            result: extracted_text_response\n          except:\n            as: e\n            raise: e\n      - assign_extracted_text:\n          assign: \n            - extracted_text: ${extracted_text_response.body}\n      - call_vectorize_text:\n          try:\n            call: http.post\n            args:\n              url: https://vectorize-deal-note-4jtjhrb72q-uc.a.run.app\n              auth:\n                type: OIDC\n              body:\n                text: ${extracted_text}\n            result: vector_embedding_response\n          except:\n            as: e\n            raise: e\n      - assign_vector_embedding:\n          assign: \n            - vector_embedding: ${vector_embedding_response.body}\n      - prepare_for_firestore:\n          assign:\n            - firestore_embedding: []\n      - iterate_over_embedding:\n          for:\n            value: v\n            in: ${vector_embedding}\n            steps:\n              - create_double_value_object:\n                  assign:\n                    - double_value_object:\n                        doubleValue: ${v}\n              - add_to_firestore_embedding:\n                  assign:\n                    - firestore_embedding: ${list.concat(firestore_embedding, [double_value_object])}\n      - store_in_firestore:\n          call: googleapis.firestore.v1.projects.databases.documents.createDocument\n          args:\n            parent: \"projects/${project_id}/databases/(default)/documents\"\n            collectionId: ${firestore_collection}\n            body:\n              fields:\n                fileName:\n                  stringValue: ${file_info.name}\n                extractedText:\n                  stringValue: ${extracted_text}\n                embedding:\n                  arrayValue:\n                    values: ${firestore_embedding}\n                timestamp:\n                  timestampValue: ${time.format(sys.now())}\n          result: firestore_document\n      - publish_notification:\n          call: googleapis.pubsub.v1.projects.topics.publish\n          args:\n            topic: \"projects/${project_id}/topics/new-document-ready\"\n            body:\n              messages:\n                - attributes:\n                    documentId: ${firestore_document.name}\n      - final_step:\n          return: \"Pipeline finished successfully\"\n",
            "state": "ACTIVE",
            "terraform_labels": {},
            "timeouts": null,
            "update_time": "2025-09-18T12:58:23.975170484Z",
            "user_env_vars": {}
          },
          "sensitive_attributes": [],
          "private": "eyJlMmJmYjczMC1lY2FhLTExZTYtOGY4OC0zNDM2M2JjN2M0YzAiOnsiY3JlYXRlIjoxMjAwMDAwMDAwMDAwLCJkZWxldGUiOjEyMDAwMDAwMDAwMDAsInVwZGF0ZSI6MTIwMDAwMDAwMDAwMH0sInNjaGVtYV92ZXJzaW9uIjoiMSJ9",
          "dependencies": [
            "google_cloudfunctions2_function.process_document",
            "google_cloudfunctions2_function.vectorize_deal_note",
            "google_project_service.enable_apis",
            "google_pubsub_topic.new_document_topic"
          ]
        }
      ]
    }
  ],
  "check_results": null
}
