{
  "version": 4,
  "terraform_version": "1.5.7",
  "serial": 273,
  "lineage": "af8968f6-e584-e809-efc9-6c4b76ec6085",
  "outputs": {},
  "resources": [
    {
      "mode": "managed",
      "type": "google_cloud_run_service_iam_member",
      "name": "allow_workflow_to_invoke_process_document",
      "provider": "provider[\"registry.terraform.io/hashicorp/google\"]",
      "instances": [
        {
          "schema_version": 0,
          "attributes": {
            "condition": [],
            "etag": "BwY/Ay8ZAfE=",
            "id": "v1/projects/digital-shadow-417907/locations/us-central1/services/process-document/roles/run.invoker/serviceAccount:gemini-startup-evaluator@digital-shadow-417907.iam.gserviceaccount.com",
            "location": "us-central1",
            "member": "serviceAccount:gemini-startup-evaluator@digital-shadow-417907.iam.gserviceaccount.com",
            "project": "digital-shadow-417907",
            "role": "roles/run.invoker",
            "service": "v1/projects/digital-shadow-417907/locations/us-central1/services/process-document"
          },
          "sensitive_attributes": [],
          "private": "bnVsbA==",
          "dependencies": [
            "google_cloudfunctions2_function.process_document",
            "google_project_service.enable_apis"
          ]
        }
      ]
    },
    {
      "mode": "managed",
      "type": "google_cloud_run_service_iam_member",
      "name": "make_public",
      "provider": "provider[\"registry.terraform.io/hashicorp/google\"]",
      "instances": [
        {
          "schema_version": 0,
          "attributes": {
            "condition": [],
            "etag": "BwY/Az1ZUJI=",
            "id": "v1/projects/digital-shadow-417907/locations/us-central1/services/generate-signed-url/roles/run.invoker/allUsers",
            "location": "us-central1",
            "member": "allUsers",
            "project": "digital-shadow-417907",
            "role": "roles/run.invoker",
            "service": "v1/projects/digital-shadow-417907/locations/us-central1/services/generate-signed-url"
          },
          "sensitive_attributes": [],
          "private": "bnVsbA==",
          "dependencies": [
            "google_cloudfunctions2_function.generate_signed_url",
            "google_project_service.enable_apis"
          ]
        }
      ]
    },
    {
      "mode": "managed",
      "type": "google_cloudfunctions2_function",
      "name": "generate_signed_url",
      "provider": "provider[\"registry.terraform.io/hashicorp/google\"]",
      "instances": [
        {
          "schema_version": 0,
          "attributes": {
            "build_config": [
              {
                "automatic_update_policy": [
                  {}
                ],
                "build": "projects/617213468863/locations/us-central1/builds/3bcdf2fb-22b2-43f1-9659-58051622832c",
                "docker_repository": "projects/digital-shadow-417907/locations/us-central1/repositories/gcf-artifacts",
                "entry_point": "generateSignedUrl",
                "environment_variables": {},
                "on_deploy_update_policy": [],
                "runtime": "nodejs20",
                "service_account": "projects/digital-shadow-417907/serviceAccounts/617213468863-compute@developer.gserviceaccount.com",
                "source": [
                  {
                    "repo_source": [],
                    "storage_source": [
                      {
                        "bucket": "digital-shadow-function-source",
                        "generation": 1758132933991756,
                        "object": "generate-signed-url.zip"
                      }
                    ]
                  }
                ],
                "worker_pool": ""
              }
            ],
            "description": "",
            "effective_labels": {
              "redeployment-timestamp": "20250919094021"
            },
            "environment": "GEN_2",
            "event_trigger": [],
            "id": "projects/digital-shadow-417907/locations/us-central1/functions/generate-signed-url",
            "kms_key_name": "",
            "labels": {
              "redeployment-timestamp": "20250919094021"
            },
            "location": "us-central1",
            "name": "generate-signed-url",
            "project": "digital-shadow-417907",
            "service_config": [
              {
                "all_traffic_on_latest_revision": true,
                "available_cpu": "0.1666",
                "available_memory": "256M",
                "environment_variables": {
                  "BUCKET_NAME": "ai-starter-evaluation-bucket-9pguwa",
                  "LOG_EXECUTION_ID": "true"
                },
                "gcf_uri": "",
                "ingress_settings": "ALLOW_ALL",
                "max_instance_count": 12,
                "max_instance_request_concurrency": 1,
                "min_instance_count": 0,
                "secret_environment_variables": [],
                "secret_volumes": [],
                "service": "projects/digital-shadow-417907/locations/us-central1/services/generate-signed-url",
                "service_account_email": "gemini-startup-evaluator@digital-shadow-417907.iam.gserviceaccount.com",
                "timeout_seconds": 60,
                "uri": "https://generate-signed-url-4jtjhrb72q-uc.a.run.app",
                "vpc_connector": "",
                "vpc_connector_egress_settings": ""
              }
            ],
            "state": "ACTIVE",
            "terraform_labels": {
              "redeployment-timestamp": "20250919094021"
            },
            "timeouts": null,
            "update_time": "2025-09-19T09:41:19.449245876Z",
            "url": "https://us-central1-digital-shadow-417907.cloudfunctions.net/generate-signed-url"
          },
          "sensitive_attributes": [],
          "private": "eyJlMmJmYjczMC1lY2FhLTExZTYtOGY4OC0zNDM2M2JjN2M0YzAiOnsiY3JlYXRlIjozNjAwMDAwMDAwMDAwLCJkZWxldGUiOjM2MDAwMDAwMDAwMDAsInVwZGF0ZSI6MzYwMDAwMDAwMDAwMH19",
          "dependencies": [
            "google_project_service.enable_apis"
          ]
        }
      ]
    },
    {
      "mode": "managed",
      "type": "google_cloudfunctions2_function",
      "name": "process_document",
      "provider": "provider[\"registry.terraform.io/hashicorp/google\"]",
      "instances": [
        {
          "schema_version": 0,
          "attributes": {
            "build_config": [
              {
                "automatic_update_policy": [
                  {}
                ],
                "build": "projects/617213468863/locations/us-central1/builds/bbbfe86b-5556-4532-8863-5761144a9e71",
                "docker_repository": "projects/digital-shadow-417907/locations/us-central1/repositories/gcf-artifacts",
                "entry_point": "processDocument",
                "environment_variables": {},
                "on_deploy_update_policy": [],
                "runtime": "nodejs20",
                "service_account": "projects/digital-shadow-417907/serviceAccounts/617213468863-compute@developer.gserviceaccount.com",
                "source": [
                  {
                    "repo_source": [],
                    "storage_source": [
                      {
                        "bucket": "digital-shadow-function-source",
                        "generation": 1758132582402146,
                        "object": "process-document.zip"
                      }
                    ]
                  }
                ],
                "worker_pool": ""
              }
            ],
            "description": "",
            "effective_labels": {
              "redeployment-timestamp": "20250919094021"
            },
            "environment": "GEN_2",
            "event_trigger": [],
            "id": "projects/digital-shadow-417907/locations/us-central1/functions/process-document",
            "kms_key_name": "",
            "labels": {
              "redeployment-timestamp": "20250919094021"
            },
            "location": "us-central1",
            "name": "process-document",
            "project": "digital-shadow-417907",
            "service_config": [
              {
                "all_traffic_on_latest_revision": true,
                "available_cpu": "0.1666",
                "available_memory": "256M",
                "environment_variables": {
                  "LOG_EXECUTION_ID": "true"
                },
                "gcf_uri": "",
                "ingress_settings": "ALLOW_ALL",
                "max_instance_count": 12,
                "max_instance_request_concurrency": 1,
                "min_instance_count": 0,
                "secret_environment_variables": [],
                "secret_volumes": [],
                "service": "projects/digital-shadow-417907/locations/us-central1/services/process-document",
                "service_account_email": "gemini-startup-evaluator@digital-shadow-417907.iam.gserviceaccount.com",
                "timeout_seconds": 60,
                "uri": "https://process-document-4jtjhrb72q-uc.a.run.app",
                "vpc_connector": "",
                "vpc_connector_egress_settings": ""
              }
            ],
            "state": "ACTIVE",
            "terraform_labels": {
              "redeployment-timestamp": "20250919094021"
            },
            "timeouts": null,
            "update_time": "2025-09-19T09:43:08.045494785Z",
            "url": "https://us-central1-digital-shadow-417907.cloudfunctions.net/process-document"
          },
          "sensitive_attributes": [],
          "private": "eyJlMmJmYjczMC1lY2FhLTExZTYtOGY4OC0zNDM2M2JjN2M0YzAiOnsiY3JlYXRlIjozNjAwMDAwMDAwMDAwLCJkZWxldGUiOjM2MDAwMDAwMDAwMDAsInVwZGF0ZSI6MzYwMDAwMDAwMDAwMH19",
          "dependencies": [
            "google_project_service.enable_apis"
          ]
        }
      ]
    },
    {
      "mode": "managed",
      "type": "google_cloudfunctions2_function",
      "name": "vectorize_deal_note",
      "provider": "provider[\"registry.terraform.io/hashicorp/google\"]",
      "instances": [
        {
          "schema_version": 0,
          "attributes": {
            "build_config": [
              {
                "automatic_update_policy": [
                  {}
                ],
                "build": "projects/617213468863/locations/us-central1/builds/fcf9bdba-e9bd-432d-b42f-d42d9b286f29",
                "docker_repository": "projects/digital-shadow-417907/locations/us-central1/repositories/gcf-artifacts",
                "entry_point": "vectorizeDealNote",
                "environment_variables": {},
                "on_deploy_update_policy": [],
                "runtime": "nodejs20",
                "service_account": "projects/digital-shadow-417907/serviceAccounts/617213468863-compute@developer.gserviceaccount.com",
                "source": [
                  {
                    "repo_source": [],
                    "storage_source": [
                      {
                        "bucket": "digital-shadow-function-source",
                        "generation": 1758240357105539,
                        "object": "vectorize-deal-note.zip"
                      }
                    ]
                  }
                ],
                "worker_pool": ""
              }
            ],
            "description": "",
            "effective_labels": {
              "redeployment-timestamp": "20250919094021"
            },
            "environment": "GEN_2",
            "event_trigger": [
              {
                "event_filters": [
                  {
                    "attribute": "database",
                    "operator": "",
                    "value": "(default)"
                  },
                  {
                    "attribute": "document",
                    "operator": "",
                    "value": "processed_documents/{docId}"
                  },
                  {
                    "attribute": "namespace",
                    "operator": "",
                    "value": "(default)"
                  }
                ],
                "event_type": "google.cloud.firestore.document.v1.written",
                "pubsub_topic": "projects/digital-shadow-417907/topics/eventarc-us-central1-vectorize-deal-note-646989-351",
                "retry_policy": "RETRY_POLICY_DO_NOT_RETRY",
                "service_account_email": "617213468863-compute@developer.gserviceaccount.com",
                "trigger": "projects/digital-shadow-417907/locations/us-central1/triggers/vectorize-deal-note-646989",
                "trigger_region": "us-central1"
              }
            ],
            "id": "projects/digital-shadow-417907/locations/us-central1/functions/vectorize-deal-note",
            "kms_key_name": "",
            "labels": {
              "redeployment-timestamp": "20250919094021"
            },
            "location": "us-central1",
            "name": "vectorize-deal-note",
            "project": "digital-shadow-417907",
            "service_config": [
              {
                "all_traffic_on_latest_revision": true,
                "available_cpu": "0.1666",
                "available_memory": "256M",
                "environment_variables": {
                  "LOG_EXECUTION_ID": "true"
                },
                "gcf_uri": "",
                "ingress_settings": "ALLOW_ALL",
                "max_instance_count": 12,
                "max_instance_request_concurrency": 1,
                "min_instance_count": 0,
                "secret_environment_variables": [],
                "secret_volumes": [],
                "service": "projects/digital-shadow-417907/locations/us-central1/services/vectorize-deal-note",
                "service_account_email": "617213468863-compute@developer.gserviceaccount.com",
                "timeout_seconds": 60,
                "uri": "https://vectorize-deal-note-4jtjhrb72q-uc.a.run.app",
                "vpc_connector": "",
                "vpc_connector_egress_settings": ""
              }
            ],
            "state": "ACTIVE",
            "terraform_labels": {
              "redeployment-timestamp": "20250919094021"
            },
            "timeouts": null,
            "update_time": "2025-09-19T09:41:17.889130591Z",
            "url": "https://us-central1-digital-shadow-417907.cloudfunctions.net/vectorize-deal-note"
          },
          "sensitive_attributes": [],
          "private": "eyJlMmJmYjczMC1lY2FhLTExZTYtOGY4OC0zNDM2M2JjN2M0YzAiOnsiY3JlYXRlIjozNjAwMDAwMDAwMDAwLCJkZWxldGUiOjM2MDAwMDAwMDAwMDAsInVwZGF0ZSI6MzYwMDAwMDAwMDAwMH19",
          "dependencies": [
            "google_project_service.enable_apis"
          ]
        }
      ]
    },
    {
      "mode": "managed",
      "type": "google_eventarc_trigger",
      "name": "mcp_trigger",
      "provider": "provider[\"registry.terraform.io/hashicorp/google\"]",
      "instances": [
        {
          "schema_version": 0,
          "attributes": {
            "channel": "",
            "conditions": {},
            "create_time": "2025-09-17T18:24:58.652272337Z",
            "destination": [
              {
                "cloud_function": "",
                "cloud_run_service": [],
                "gke": [],
                "http_endpoint": [],
                "network_config": [],
                "workflow": "projects/digital-shadow-417907/locations/us-central1/workflows/mcp-pipeline"
              }
            ],
            "effective_labels": {},
            "etag": "",
            "event_data_content_type": "application/json",
            "id": "projects/digital-shadow-417907/locations/us-central1/triggers/mcp-pipeline-trigger",
            "labels": {},
            "location": "us-central1",
            "matching_criteria": [
              {
                "attribute": "bucket",
                "operator": "",
                "value": "ai-starter-evaluation-bucket-9pguwa"
              },
              {
                "attribute": "type",
                "operator": "",
                "value": "google.cloud.storage.object.v1.finalized"
              }
            ],
            "name": "mcp-pipeline-trigger",
            "project": "digital-shadow-417907",
            "service_account": "gemini-startup-evaluator@digital-shadow-417907.iam.gserviceaccount.com",
            "terraform_labels": {},
            "timeouts": null,
            "transport": [
              {
                "pubsub": [
                  {
                    "subscription": "projects/digital-shadow-417907/subscriptions/eventarc-us-central1-mcp-pipeline-trigger-sub-427",
                    "topic": "projects/digital-shadow-417907/topics/eventarc-us-central1-mcp-pipeline-trigger-710"
                  }
                ]
              }
            ],
            "uid": "b87b65a3-7ce1-4ec4-b00b-63e78df63ce6",
            "update_time": "2025-09-17T18:25:06.381360943Z"
          },
          "sensitive_attributes": [],
          "private": "eyJlMmJmYjczMC1lY2FhLTExZTYtOGY4OC0zNDM2M2JjN2M0YzAiOnsiY3JlYXRlIjoxMjAwMDAwMDAwMDAwLCJkZWxldGUiOjEyMDAwMDAwMDAwMDAsInVwZGF0ZSI6MTIwMDAwMDAwMDAwMH19",
          "dependencies": [
            "google_cloudfunctions2_function.process_document",
            "google_firestore_database.database",
            "google_project_service.enable_apis",
            "google_pubsub_topic.new_document_topic",
            "google_workflows_workflow.mcp_pipeline"
          ]
        }
      ]
    },
    {
      "mode": "managed",
      "type": "google_firestore_database",
      "name": "database",
      "provider": "provider[\"registry.terraform.io/hashicorp/google\"]",
      "instances": [
        {
          "schema_version": 0,
          "attributes": {
            "app_engine_integration_mode": "DISABLED",
            "cmek_config": [],
            "concurrency_mode": "PESSIMISTIC",
            "create_time": "",
            "delete_protection_state": "DELETE_PROTECTION_DISABLED",
            "deletion_policy": "ABANDON",
            "earliest_version_time": "2025-09-19T08:40:17.550097Z",
            "etag": "IKvJq4/E5I8DMMjpy6y04o8D",
            "id": "projects/digital-shadow-417907/databases/(default)",
            "key_prefix": "",
            "location_id": "us-central1",
            "name": "(default)",
            "point_in_time_recovery_enablement": "POINT_IN_TIME_RECOVERY_DISABLED",
            "project": "digital-shadow-417907",
            "timeouts": null,
            "type": "FIRESTORE_NATIVE",
            "uid": "b197e82c-57b2-4ad7-8019-a4c65484bc82",
            "update_time": "",
            "version_retention_period": "3600s"
          },
          "sensitive_attributes": [],
          "private": "eyJlMmJmYjczMC1lY2FhLTExZTYtOGY4OC0zNDM2M2JjN2M0YzAiOnsiY3JlYXRlIjoxMjAwMDAwMDAwMDAwLCJkZWxldGUiOjEyMDAwMDAwMDAwMDAsInVwZGF0ZSI6MTIwMDAwMDAwMDAwMH0sInNjaGVtYV92ZXJzaW9uIjoiMCJ9",
          "dependencies": [
            "google_project_service.enable_apis"
          ]
        }
      ]
    },
    {
      "mode": "managed",
      "type": "google_project_iam_member",
      "name": "allow_gcs_to_publish_to_pubsub",
      "provider": "provider[\"registry.terraform.io/hashicorp/google\"]",
      "instances": [
        {
          "schema_version": 0,
          "attributes": {
            "condition": [],
            "etag": "BwY/GvMpPYY=",
            "id": "digital-shadow-417907/roles/pubsub.publisher/serviceAccount:service-617213468863@gs-project-accounts.iam.gserviceaccount.com",
            "member": "serviceAccount:service-617213468863@gs-project-accounts.iam.gserviceaccount.com",
            "project": "digital-shadow-417907",
            "role": "roles/pubsub.publisher"
          },
          "sensitive_attributes": [],
          "private": "bnVsbA=="
        }
      ]
    },
    {
      "mode": "managed",
      "type": "google_project_iam_member",
      "name": "allow_workflow_to_write_to_firestore",
      "provider": "provider[\"registry.terraform.io/hashicorp/google\"]",
      "instances": [
        {
          "schema_version": 0,
          "attributes": {
            "condition": [],
            "etag": "BwY/GvMpPYY=",
            "id": "digital-shadow-417907/roles/datastore.owner/serviceAccount:gemini-startup-evaluator@digital-shadow-417907.iam.gserviceaccount.com",
            "member": "serviceAccount:gemini-startup-evaluator@digital-shadow-417907.iam.gserviceaccount.com",
            "project": "digital-shadow-417907",
            "role": "roles/datastore.owner"
          },
          "sensitive_attributes": [],
          "private": "bnVsbA=="
        }
      ]
    },
    {
      "mode": "managed",
      "type": "google_project_service",
      "name": "enable_apis",
      "provider": "provider[\"registry.terraform.io/hashicorp/google\"]",
      "instances": [
        {
          "index_key": "aiplatform.googleapis.com",
          "schema_version": 0,
          "attributes": {
            "disable_dependent_services": null,
            "disable_on_destroy": false,
            "id": "digital-shadow-417907/aiplatform.googleapis.com",
            "project": "digital-shadow-417907",
            "service": "aiplatform.googleapis.com",
            "timeouts": null
          },
          "sensitive_attributes": [],
          "private": "eyJlMmJmYjczMC1lY2FhLTExZTYtOGY4OC0zNDM2M2JjN2M0YzAiOnsiY3JlYXRlIjoxMjAwMDAwMDAwMDAwLCJkZWxldGUiOjEyMDAwMDAwMDAwMDAsInJlYWQiOjYwMDAwMDAwMDAwMCwidXBkYXRlIjoxMjAwMDAwMDAwMDAwfX0="
        },
        {
          "index_key": "cloudbuild.googleapis.com",
          "schema_version": 0,
          "attributes": {
            "disable_dependent_services": null,
            "disable_on_destroy": false,
            "id": "digital-shadow-417907/cloudbuild.googleapis.com",
            "project": "digital-shadow-417907",
            "service": "cloudbuild.googleapis.com",
            "timeouts": null
          },
          "sensitive_attributes": [],
          "private": "eyJlMmJmYjczMC1lY2FhLTExZTYtOGY4OC0zNDM2M2JjN2M0YzAiOnsiY3JlYXRlIjoxMjAwMDAwMDAwMDAwLCJkZWxldGUiOjEyMDAwMDAwMDAwMDAsInJlYWQiOjYwMDAwMDAwMDAwMCwidXBkYXRlIjoxMjAwMDAwMDAwMDAwfX0="
        },
        {
          "index_key": "cloudfunctions.googleapis.com",
          "schema_version": 0,
          "attributes": {
            "disable_dependent_services": null,
            "disable_on_destroy": false,
            "id": "digital-shadow-417907/cloudfunctions.googleapis.com",
            "project": "digital-shadow-417907",
            "service": "cloudfunctions.googleapis.com",
            "timeouts": null
          },
          "sensitive_attributes": [],
          "private": "eyJlMmJmYjczMC1lY2FhLTExZTYtOGY4OC0zNDM2M2JjN2M0YzAiOnsiY3JlYXRlIjoxMjAwMDAwMDAwMDAwLCJkZWxldGUiOjEyMDAwMDAwMDAwMDAsInJlYWQiOjYwMDAwMDAwMDAwMCwidXBkYXRlIjoxMjAwMDAwMDAwMDAwfX0="
        },
        {
          "index_key": "eventarc.googleapis.com",
          "schema_version": 0,
          "attributes": {
            "disable_dependent_services": null,
            "disable_on_destroy": false,
            "id": "digital-shadow-417907/eventarc.googleapis.com",
            "project": "digital-shadow-417907",
            "service": "eventarc.googleapis.com",
            "timeouts": null
          },
          "sensitive_attributes": [],
          "private": "eyJlMmJmYjczMC1lY2FhLTExZTYtOGY4OC0zNDM2M2JjN2M0YzAiOnsiY3JlYXRlIjoxMjAwMDAwMDAwMDAwLCJkZWxldGUiOjEyMDAwMDAwMDAwMDAsInJlYWQiOjYwMDAwMDAwMDAwMCwidXBkYXRlIjoxMjAwMDAwMDAwMDAwfX0="
        },
        {
          "index_key": "firestore.googleapis.com",
          "schema_version": 0,
          "attributes": {
            "disable_dependent_services": null,
            "disable_on_destroy": false,
            "id": "digital-shadow-417907/firestore.googleapis.com",
            "project": "digital-shadow-417907",
            "service": "firestore.googleapis.com",
            "timeouts": null
          },
          "sensitive_attributes": [],
          "private": "eyJlMmJmYjczMC1lY2FhLTExZTYtOGY4OC0zNDM2M2JjN2M0YzAiOnsiY3JlYXRlIjoxMjAwMDAwMDAwMDAwLCJkZWxldGUiOjEyMDAwMDAwMDAwMDAsInJlYWQiOjYwMDAwMDAwMDAwMCwidXBkYXRlIjoxMjAwMDAwMDAwMDAwfX0="
        },
        {
          "index_key": "iam.googleapis.com",
          "schema_version": 0,
          "attributes": {
            "disable_dependent_services": null,
            "disable_on_destroy": false,
            "id": "digital-shadow-417907/iam.googleapis.com",
            "project": "digital-shadow-417907",
            "service": "iam.googleapis.com",
            "timeouts": null
          },
          "sensitive_attributes": [],
          "private": "eyJlMmJmYjczMC1lY2FhLTExZTYtOGY4OC0zNDM2M2JjN2M0YzAiOnsiY3JlYXRlIjoxMjAwMDAwMDAwMDAwLCJkZWxldGUiOjEyMDAwMDAwMDAwMDAsInJlYWQiOjYwMDAwMDAwMDAwMCwidXBkYXRlIjoxMjAwMDAwMDAwMDAwfX0="
        },
        {
          "index_key": "pubsub.googleapis.com",
          "schema_version": 0,
          "attributes": {
            "disable_dependent_services": null,
            "disable_on_destroy": false,
            "id": "digital-shadow-417907/pubsub.googleapis.com",
            "project": "digital-shadow-417907",
            "service": "pubsub.googleapis.com",
            "timeouts": null
          },
          "sensitive_attributes": [],
          "private": "eyJlMmJmYjczMC1lY2FhLTExZTYtOGY4OC0zNDM2M2JjN2M0YzAiOnsiY3JlYXRlIjoxMjAwMDAwMDAwMDAwLCJkZWxldGUiOjEyMDAwMDAwMDAwMDAsInJlYWQiOjYwMDAwMDAwMDAwMCwidXBkYXRlIjoxMjAwMDAwMDAwMDAwfX0="
        },
        {
          "index_key": "run.googleapis.com",
          "schema_version": 0,
          "attributes": {
            "disable_dependent_services": null,
            "disable_on_destroy": false,
            "id": "digital-shadow-417907/run.googleapis.com",
            "project": "digital-shadow-417907",
            "service": "run.googleapis.com",
            "timeouts": null
          },
          "sensitive_attributes": [],
          "private": "eyJlMmJmYjczMC1lY2FhLTExZTYtOGY4OC0zNDM2M2JjN2M0YzAiOnsiY3JlYXRlIjoxMjAwMDAwMDAwMDAwLCJkZWxldGUiOjEyMDAwMDAwMDAwMDAsInJlYWQiOjYwMDAwMDAwMDAwMCwidXBkYXRlIjoxMjAwMDAwMDAwMDAwfX0="
        },
        {
          "index_key": "speech.googleapis.com",
          "schema_version": 0,
          "attributes": {
            "disable_dependent_services": null,
            "disable_on_destroy": false,
            "id": "digital-shadow-417907/speech.googleapis.com",
            "project": "digital-shadow-417907",
            "service": "speech.googleapis.com",
            "timeouts": null
          },
          "sensitive_attributes": [],
          "private": "eyJlMmJmYjczMC1lY2FhLTExZTYtOGY4OC0zNDM2M2JjN2M0YzAiOnsiY3JlYXRlIjoxMjAwMDAwMDAwMDAwLCJkZWxldGUiOjEyMDAwMDAwMDAwMDAsInJlYWQiOjYwMDAwMDAwMDAwMCwidXBkYXRlIjoxMjAwMDAwMDAwMDAwfX0="
        },
        {
          "index_key": "workflows.googleapis.com",
          "schema_version": 0,
          "attributes": {
            "disable_dependent_services": null,
            "disable_on_destroy": false,
            "id": "digital-shadow-417907/workflows.googleapis.com",
            "project": "digital-shadow-417907",
            "service": "workflows.googleapis.com",
            "timeouts": null
          },
          "sensitive_attributes": [],
          "private": "eyJlMmJmYjczMC1lY2FhLTExZTYtOGY4OC0zNDM2M2JjN2M0YzAiOnsiY3JlYXRlIjoxMjAwMDAwMDAwMDAwLCJkZWxldGUiOjEyMDAwMDAwMDAwMDAsInJlYWQiOjYwMDAwMDAwMDAwMCwidXBkYXRlIjoxMjAwMDAwMDAwMDAwfX0="
        }
      ]
    },
    {
      "mode": "managed",
      "type": "google_pubsub_topic",
      "name": "new_document_topic",
      "provider": "provider[\"registry.terraform.io/hashicorp/google\"]",
      "instances": [
        {
          "schema_version": 0,
          "attributes": {
            "effective_labels": {},
            "id": "projects/digital-shadow-417907/topics/new-document-ready",
            "ingestion_data_source_settings": [],
            "kms_key_name": "",
            "labels": {},
            "message_retention_duration": "",
            "message_storage_policy": [],
            "name": "new-document-ready",
            "project": "digital-shadow-417907",
            "schema_settings": [],
            "terraform_labels": {},
            "timeouts": null
          },
          "sensitive_attributes": [],
          "private": "eyJlMmJmYjczMC1lY2FhLTExZTYtOGY4OC0zNDM2M2JjN2M0YzAiOnsiY3JlYXRlIjoxMjAwMDAwMDAwMDAwLCJkZWxldGUiOjEyMDAwMDAwMDAwMDAsInVwZGF0ZSI6MTIwMDAwMDAwMDAwMH19",
          "dependencies": [
            "google_project_service.enable_apis"
          ]
        }
      ]
    },
    {
      "mode": "managed",
      "type": "google_service_account_iam_member",
      "name": "allow_self_to_sign_blobs",
      "provider": "provider[\"registry.terraform.io/hashicorp/google\"]",
      "instances": [
        {
          "schema_version": 0,
          "attributes": {
            "condition": [],
            "etag": "BwY/EeAyzVM=",
            "id": "projects/digital-shadow-417907/serviceAccounts/gemini-startup-evaluator@digital-shadow-417907.iam.gserviceaccount.com/roles/iam.serviceAccountTokenCreator/serviceAccount:gemini-startup-evaluator@digital-shadow-417907.iam.gserviceaccount.com",
            "member": "serviceAccount:gemini-startup-evaluator@digital-shadow-417907.iam.gserviceaccount.com",
            "role": "roles/iam.serviceAccountTokenCreator",
            "service_account_id": "projects/digital-shadow-417907/serviceAccounts/gemini-startup-evaluator@digital-shadow-417907.iam.gserviceaccount.com"
          },
          "sensitive_attributes": [],
          "private": "bnVsbA=="
        }
      ]
    },
    {
      "mode": "managed",
      "type": "google_storage_bucket_iam_member",
      "name": "allow_eventarc_to_read_bucket",
      "provider": "provider[\"registry.terraform.io/hashicorp/google\"]",
      "instances": [
        {
          "schema_version": 0,
          "attributes": {
            "bucket": "b/ai-starter-evaluation-bucket-9pguwa",
            "condition": [],
            "etag": "CAw=",
            "id": "b/ai-starter-evaluation-bucket-9pguwa/roles/storage.objectViewer/serviceAccount:gemini-startup-evaluator@digital-shadow-417907.iam.gserviceaccount.com",
            "member": "serviceAccount:gemini-startup-evaluator@digital-shadow-417907.iam.gserviceaccount.com",
            "role": "roles/storage.objectViewer"
          },
          "sensitive_attributes": [],
          "private": "bnVsbA=="
        }
      ]
    },
    {
      "mode": "managed",
      "type": "google_workflows_workflow",
      "name": "mcp_pipeline",
      "provider": "provider[\"registry.terraform.io/hashicorp/google\"]",
      "instances": [
        {
          "schema_version": 1,
          "attributes": {
            "call_log_level": "",
            "create_time": "2025-09-17T18:22:02.650500877Z",
            "crypto_key_name": "",
            "description": "Main workflow to process uploaded documents.",
            "effective_labels": {},
            "id": "projects/digital-shadow-417907/locations/us-central1/workflows/mcp-pipeline",
            "labels": {},
            "name": "mcp-pipeline",
            "name_prefix": null,
            "project": "digital-shadow-417907",
            "region": null,
            "revision_id": "000006-a47",
            "service_account": "projects/digital-shadow-417907/serviceAccounts/gemini-startup-evaluator@digital-shadow-417907.iam.gserviceaccount.com",
            "source_contents": "main:\n    params: [event]\n    steps:\n      - init:\n          assign:\n            - file_info: ${event.data}\n      - call_process_document_function:\n          try:\n            call: http.post\n            args:\n              url: https://process-document-4jtjhrb72q-uc.a.run.app\n              auth:\n                type: OIDC\n              body:\n                bucketName: ${file_info.bucket}\n                fileName: ${file_info.name}\n                contentType: ${file_info.contentType}\n            result: call_response\n          except:\n            as: e\n            raise: e\n      - final_step:\n          return: ${call_response.body}\n",
            "state": "ACTIVE",
            "terraform_labels": {},
            "timeouts": null,
            "update_time": "2025-09-19T09:43:16.224742571Z",
            "user_env_vars": {}
          },
          "sensitive_attributes": [],
          "private": "eyJlMmJmYjczMC1lY2FhLTExZTYtOGY4OC0zNDM2M2JjN2M0YzAiOnsiY3JlYXRlIjoxMjAwMDAwMDAwMDAwLCJkZWxldGUiOjEyMDAwMDAwMDAwMDAsInVwZGF0ZSI6MTIwMDAwMDAwMDAwMH0sInNjaGVtYV92ZXJzaW9uIjoiMSJ9",
          "dependencies": [
            "google_cloudfunctions2_function.process_document",
            "google_firestore_database.database",
            "google_project_service.enable_apis",
            "google_pubsub_topic.new_document_topic"
          ]
        }
      ]
    }
  ],
  "check_results": null
}
